// !$*UTF8*$!
{
	archiveVersion = 1;
	classes = {
	};
	objectVersion = 46;
	objects = {

/* Begin PBXBuildFile section */
		E027C2221A7FC5A5001960BB /* HVWPopMenu.m in Sources */ = {isa = PBXBuildFile; fileRef = E027C2211A7FC5A5001960BB /* HVWPopMenu.m */; };
		E027C2291A7FFD40001960BB /* HVWTabBar.m in Sources */ = {isa = PBXBuildFile; fileRef = E027C2281A7FFD40001960BB /* HVWTabBar.m */; };
		E027C2301A7FFDA0001960BB /* HVWComposeViewController.m in Sources */ = {isa = PBXBuildFile; fileRef = E027C22F1A7FFDA0001960BB /* HVWComposeViewController.m */; };
		E05FD2801A82722300B5CDE3 /* HVWOAuthViewController.m in Sources */ = {isa = PBXBuildFile; fileRef = E05FD27F1A82722300B5CDE3 /* HVWOAuthViewController.m */; };
		E05FD2881A8274BF00B5CDE3 /* MBProgressHUD+MJ.m in Sources */ = {isa = PBXBuildFile; fileRef = E05FD2841A8274BF00B5CDE3 /* MBProgressHUD+MJ.m */; };
		E05FD2891A8274BF00B5CDE3 /* MBProgressHUD.bundle in Resources */ = {isa = PBXBuildFile; fileRef = E05FD2851A8274BF00B5CDE3 /* MBProgressHUD.bundle */; };
		E05FD28A1A8274BF00B5CDE3 /* MBProgressHUD.m in Sources */ = {isa = PBXBuildFile; fileRef = E05FD2871A8274BF00B5CDE3 /* MBProgressHUD.m */; };
		E05FD29F1A827AF900B5CDE3 /* AFHTTPRequestOperation.m in Sources */ = {isa = PBXBuildFile; fileRef = E05FD28D1A827AF900B5CDE3 /* AFHTTPRequestOperation.m */; };
		E05FD2A01A827AF900B5CDE3 /* AFHTTPRequestOperationManager.m in Sources */ = {isa = PBXBuildFile; fileRef = E05FD28F1A827AF900B5CDE3 /* AFHTTPRequestOperationManager.m */; };
		E05FD2A11A827AF900B5CDE3 /* AFHTTPSessionManager.m in Sources */ = {isa = PBXBuildFile; fileRef = E05FD2911A827AF900B5CDE3 /* AFHTTPSessionManager.m */; };
		E05FD2A21A827AF900B5CDE3 /* AFNetworkReachabilityManager.m in Sources */ = {isa = PBXBuildFile; fileRef = E05FD2941A827AF900B5CDE3 /* AFNetworkReachabilityManager.m */; };
		E05FD2A31A827AF900B5CDE3 /* AFSecurityPolicy.m in Sources */ = {isa = PBXBuildFile; fileRef = E05FD2961A827AF900B5CDE3 /* AFSecurityPolicy.m */; };
		E05FD2A41A827AF900B5CDE3 /* AFURLConnectionOperation.m in Sources */ = {isa = PBXBuildFile; fileRef = E05FD2981A827AF900B5CDE3 /* AFURLConnectionOperation.m */; };
		E05FD2A51A827AF900B5CDE3 /* AFURLRequestSerialization.m in Sources */ = {isa = PBXBuildFile; fileRef = E05FD29A1A827AF900B5CDE3 /* AFURLRequestSerialization.m */; };
		E05FD2A61A827AF900B5CDE3 /* AFURLResponseSerialization.m in Sources */ = {isa = PBXBuildFile; fileRef = E05FD29C1A827AF900B5CDE3 /* AFURLResponseSerialization.m */; };
		E05FD2A71A827AF900B5CDE3 /* AFURLSessionManager.m in Sources */ = {isa = PBXBuildFile; fileRef = E05FD29E1A827AF900B5CDE3 /* AFURLSessionManager.m */; };
		E05FD2AB1A82965400B5CDE3 /* HVWControllerTool.m in Sources */ = {isa = PBXBuildFile; fileRef = E05FD2AA1A82965400B5CDE3 /* HVWControllerTool.m */; };
		E05FD2B41A829D2E00B5CDE3 /* HVWAccountInfoTool.m in Sources */ = {isa = PBXBuildFile; fileRef = E05FD2B31A829D2E00B5CDE3 /* HVWAccountInfoTool.m */; };
		E07837551A7C7375003CD8B5 /* main.m in Sources */ = {isa = PBXBuildFile; fileRef = E07837541A7C7375003CD8B5 /* main.m */; };
		E07837601A7C7375003CD8B5 /* Images.xcassets in Resources */ = {isa = PBXBuildFile; fileRef = E078375F1A7C7375003CD8B5 /* Images.xcassets */; };
		E078376F1A7C7375003CD8B5 /* HVWWeiboTests.m in Sources */ = {isa = PBXBuildFile; fileRef = E078376E1A7C7375003CD8B5 /* HVWWeiboTests.m */; };
		E07837AE1A7C82BA003CD8B5 /* AppDelegate.m in Sources */ = {isa = PBXBuildFile; fileRef = E07837AD1A7C82BA003CD8B5 /* AppDelegate.m */; };
		E07837B11A7C85F4003CD8B5 /* HVWTabBarViewController.m in Sources */ = {isa = PBXBuildFile; fileRef = E07837B01A7C85F4003CD8B5 /* HVWTabBarViewController.m */; };
		E07837B41A7C87AA003CD8B5 /* HVWHomeViewController.m in Sources */ = {isa = PBXBuildFile; fileRef = E07837B31A7C87AA003CD8B5 /* HVWHomeViewController.m */; };
		E07837B71A7C87CD003CD8B5 /* HVWMessageViewController.m in Sources */ = {isa = PBXBuildFile; fileRef = E07837B61A7C87CD003CD8B5 /* HVWMessageViewController.m */; };
		E07837BA1A7C87DC003CD8B5 /* HVWProfileViewController.m in Sources */ = {isa = PBXBuildFile; fileRef = E07837B91A7C87DC003CD8B5 /* HVWProfileViewController.m */; };
		E07837BD1A7C87EB003CD8B5 /* HVWDiscoverViewController.m in Sources */ = {isa = PBXBuildFile; fileRef = E07837BC1A7C87EB003CD8B5 /* HVWDiscoverViewController.m */; };
		E07837C41A7C8E42003CD8B5 /* UIImage+Extension.m in Sources */ = {isa = PBXBuildFile; fileRef = E07837C31A7C8E42003CD8B5 /* UIImage+Extension.m */; };
		E07837C81A7D06F9003CD8B5 /* HVWNavigationViewController.m in Sources */ = {isa = PBXBuildFile; fileRef = E07837C71A7D06F9003CD8B5 /* HVWNavigationViewController.m */; };
		E07837CF1A7D2599003CD8B5 /* UIBarButtonItem+Extension.m in Sources */ = {isa = PBXBuildFile; fileRef = E07837CE1A7D2599003CD8B5 /* UIBarButtonItem+Extension.m */; };
		E07D37C41A7F0B8F00CF81E8 /* UIView+Extension.m in Sources */ = {isa = PBXBuildFile; fileRef = E07D37C31A7F0B8F00CF81E8 /* UIView+Extension.m */; };
		E07D37C71A7F143400CF81E8 /* HVWNavigationBarTitleButton.m in Sources */ = {isa = PBXBuildFile; fileRef = E07D37C61A7F143400CF81E8 /* HVWNavigationBarTitleButton.m */; };
		E088B02A1AA1CAE100865EC8 /* HVWStatusPhotosView.m in Sources */ = {isa = PBXBuildFile; fileRef = E088B0291AA1CAE100865EC8 /* HVWStatusPhotosView.m */; };
		E088B02D1AA1CB0500865EC8 /* HVWStatusPhotoView.m in Sources */ = {isa = PBXBuildFile; fileRef = E088B02C1AA1CB0500865EC8 /* HVWStatusPhotoView.m */; };
		E088B0341AA233BE00865EC8 /* HVWPhotoBrowser.m in Sources */ = {isa = PBXBuildFile; fileRef = E088B0331AA233BE00865EC8 /* HVWPhotoBrowser.m */; };
		E088B03A1AA4B07900865EC8 /* HVWPhotoCover.m in Sources */ = {isa = PBXBuildFile; fileRef = E088B0391AA4B07900865EC8 /* HVWPhotoCover.m */; };
		E088B03D1AA4CE6F00865EC8 /* HVWPhotoPageLabel.m in Sources */ = {isa = PBXBuildFile; fileRef = E088B03C1AA4CE6F00865EC8 /* HVWPhotoPageLabel.m */; };
		E090E6641A84BC2100547AC0 /* HVWLoadMoreWeiboFooterView.m in Sources */ = {isa = PBXBuildFile; fileRef = E090E6631A84BC2100547AC0 /* HVWLoadMoreWeiboFooterView.m */; };
		E090E6671A85008C00547AC0 /* HVWComposeTextView.m in Sources */ = {isa = PBXBuildFile; fileRef = E090E6661A85008C00547AC0 /* HVWComposeTextView.m */; };
		E090E66A1A85412500547AC0 /* HVWComposeToolBar.m in Sources */ = {isa = PBXBuildFile; fileRef = E090E6691A85412500547AC0 /* HVWComposeToolBar.m */; };
		E090E66D1A854D8300547AC0 /* HVWComposeImageDisplayView.m in Sources */ = {isa = PBXBuildFile; fileRef = E090E66C1A854D8300547AC0 /* HVWComposeImageDisplayView.m */; };
		E0913B881A808B060066324E /* HVWNewFeatureViewController.m in Sources */ = {isa = PBXBuildFile; fileRef = E0913B871A808B060066324E /* HVWNewFeatureViewController.m */; };
		E0938E301A8B1A8000A85CD4 /* HVWUnreadCountParam.m in Sources */ = {isa = PBXBuildFile; fileRef = E0938E2F1A8B1A8000A85CD4 /* HVWUnreadCountParam.m */; };
		E0938E331A8B1A9800A85CD4 /* HVWUnreadCountResult.m in Sources */ = {isa = PBXBuildFile; fileRef = E0938E321A8B1A9800A85CD4 /* HVWUnreadCountResult.m */; };
		E0938E361A8B2DFB00A85CD4 /* HVWUnreadCountTool.m in Sources */ = {isa = PBXBuildFile; fileRef = E0938E351A8B2DFB00A85CD4 /* HVWUnreadCountTool.m */; };
		E09492CC1A88805600D90E6F /* HVWNetworkTool.m in Sources */ = {isa = PBXBuildFile; fileRef = E09492CB1A88805600D90E6F /* HVWNetworkTool.m */; };
		E09492CF1A88FE6600D90E6F /* HVWStatusTool.m in Sources */ = {isa = PBXBuildFile; fileRef = E09492CE1A88FE6600D90E6F /* HVWStatusTool.m */; };
		E09492E11A891AAB00D90E6F /* HVWHomeStatusParam.m in Sources */ = {isa = PBXBuildFile; fileRef = E09492DE1A891AAB00D90E6F /* HVWHomeStatusParam.m */; };
		E09492E21A891AAB00D90E6F /* HVWHomeStatusResult.m in Sources */ = {isa = PBXBuildFile; fileRef = E09492E01A891AAB00D90E6F /* HVWHomeStatusResult.m */; };
		E09492E61A8923D000D90E6F /* HVWAccountInfo.m in Sources */ = {isa = PBXBuildFile; fileRef = E09492E51A8923D000D90E6F /* HVWAccountInfo.m */; };
		E09492EB1A89260C00D90E6F /* HVWBaseParam.m in Sources */ = {isa = PBXBuildFile; fileRef = E09492EA1A89260C00D90E6F /* HVWBaseParam.m */; };
		E09492EE1A89268B00D90E6F /* HVWUserParam.m in Sources */ = {isa = PBXBuildFile; fileRef = E09492ED1A89268B00D90E6F /* HVWUserParam.m */; };
		E09492F11A89272600D90E6F /* HVWUserResult.m in Sources */ = {isa = PBXBuildFile; fileRef = E09492F01A89272600D90E6F /* HVWUserResult.m */; };
		E09492F41A892BEF00D90E6F /* HVWBaseTool.m in Sources */ = {isa = PBXBuildFile; fileRef = E09492F31A892BEF00D90E6F /* HVWBaseTool.m */; };
		E09492F71A892FCE00D90E6F /* HVWFileDataParam.m in Sources */ = {isa = PBXBuildFile; fileRef = E09492F61A892FCE00D90E6F /* HVWFileDataParam.m */; };
		E0AC76BE1A91BFDB006CD6AF /* NSDate+Extension.m in Sources */ = {isa = PBXBuildFile; fileRef = E0AC76BD1A91BFDB006CD6AF /* NSDate+Extension.m */; };
		E0BCCE5F1A8CB51C00810171 /* HVWStatusFrame.m in Sources */ = {isa = PBXBuildFile; fileRef = E0BCCE5E1A8CB51C00810171 /* HVWStatusFrame.m */; };
		E0BCCE621A8CB52E00810171 /* HVWStatusContentFrame.m in Sources */ = {isa = PBXBuildFile; fileRef = E0BCCE611A8CB52E00810171 /* HVWStatusContentFrame.m */; };
		E0BCCE651A8CB53C00810171 /* HVWStatusOriginalFrame.m in Sources */ = {isa = PBXBuildFile; fileRef = E0BCCE641A8CB53C00810171 /* HVWStatusOriginalFrame.m */; };
		E0BCCE681A8CB54A00810171 /* HVWStatusRetweetedFrame.m in Sources */ = {isa = PBXBuildFile; fileRef = E0BCCE671A8CB54A00810171 /* HVWStatusRetweetedFrame.m */; };
		E0BCCE6B1A8CB55F00810171 /* HVWStatusToolbarFrame.m in Sources */ = {isa = PBXBuildFile; fileRef = E0BCCE6A1A8CB55F00810171 /* HVWStatusToolbarFrame.m */; };
		E0BE74D91A89F550005C65CD /* HVWComposeStatusParam.m in Sources */ = {isa = PBXBuildFile; fileRef = E0BE74D81A89F550005C65CD /* HVWComposeStatusParam.m */; };
		E0BE74DC1A89F561005C65CD /* HVWComposeStatusResult.m in Sources */ = {isa = PBXBuildFile; fileRef = E0BE74DB1A89F561005C65CD /* HVWComposeStatusResult.m */; };
		E0BE74DF1A8A4233005C65CD /* HVWUserTool.m in Sources */ = {isa = PBXBuildFile; fileRef = E0BE74DE1A8A4233005C65CD /* HVWUserTool.m */; };
		E0C0E4C31A8340DD00A7B07D /* Foundation+Log.m in Sources */ = {isa = PBXBuildFile; fileRef = E0C0E4C21A8340DD00A7B07D /* Foundation+Log.m */; };
		E0C0E4C61A83435E00A7B07D /* HVWUser.m in Sources */ = {isa = PBXBuildFile; fileRef = E0C0E4C51A83435E00A7B07D /* HVWUser.m */; };
		E0C0E4C91A83436C00A7B07D /* HVWStatus.m in Sources */ = {isa = PBXBuildFile; fileRef = E0C0E4C81A83436C00A7B07D /* HVWStatus.m */; };
		E0C0E4CC1A83437400A7B07D /* HVWPic.m in Sources */ = {isa = PBXBuildFile; fileRef = E0C0E4CB1A83437400A7B07D /* HVWPic.m */; };
		E0C0E4ED1A83512A00A7B07D /* MKAnnotationView+WebCache.m in Sources */ = {isa = PBXBuildFile; fileRef = E0C0E4CF1A83512A00A7B07D /* MKAnnotationView+WebCache.m */; };
		E0C0E4EE1A83512A00A7B07D /* NSData+ImageContentType.m in Sources */ = {isa = PBXBuildFile; fileRef = E0C0E4D11A83512A00A7B07D /* NSData+ImageContentType.m */; };
		E0C0E4EF1A83512A00A7B07D /* SDImageCache.m in Sources */ = {isa = PBXBuildFile; fileRef = E0C0E4D31A83512A00A7B07D /* SDImageCache.m */; };
		E0C0E4F01A83512A00A7B07D /* SDWebImageCompat.m in Sources */ = {isa = PBXBuildFile; fileRef = E0C0E4D51A83512A00A7B07D /* SDWebImageCompat.m */; };
		E0C0E4F11A83512A00A7B07D /* SDWebImageDecoder.m in Sources */ = {isa = PBXBuildFile; fileRef = E0C0E4D71A83512A00A7B07D /* SDWebImageDecoder.m */; };
		E0C0E4F21A83512A00A7B07D /* SDWebImageDownloader.m in Sources */ = {isa = PBXBuildFile; fileRef = E0C0E4D91A83512A00A7B07D /* SDWebImageDownloader.m */; };
		E0C0E4F31A83512A00A7B07D /* SDWebImageDownloaderOperation.m in Sources */ = {isa = PBXBuildFile; fileRef = E0C0E4DB1A83512A00A7B07D /* SDWebImageDownloaderOperation.m */; };
		E0C0E4F41A83512A00A7B07D /* SDWebImageManager.m in Sources */ = {isa = PBXBuildFile; fileRef = E0C0E4DD1A83512A00A7B07D /* SDWebImageManager.m */; };
		E0C0E4F51A83512A00A7B07D /* SDWebImagePrefetcher.m in Sources */ = {isa = PBXBuildFile; fileRef = E0C0E4E01A83512A00A7B07D /* SDWebImagePrefetcher.m */; };
		E0C0E4F61A83512A00A7B07D /* UIButton+WebCache.m in Sources */ = {isa = PBXBuildFile; fileRef = E0C0E4E21A83512A00A7B07D /* UIButton+WebCache.m */; };
		E0C0E4F71A83512A00A7B07D /* UIImage+GIF.m in Sources */ = {isa = PBXBuildFile; fileRef = E0C0E4E41A83512A00A7B07D /* UIImage+GIF.m */; };
		E0C0E4F81A83512A00A7B07D /* UIImage+MultiFormat.m in Sources */ = {isa = PBXBuildFile; fileRef = E0C0E4E61A83512A00A7B07D /* UIImage+MultiFormat.m */; };
		E0C0E4F91A83512A00A7B07D /* UIImage+WebP.m in Sources */ = {isa = PBXBuildFile; fileRef = E0C0E4E81A83512A00A7B07D /* UIImage+WebP.m */; };
		E0C0E4FA1A83512A00A7B07D /* UIImageView+HighlightedWebCache.m in Sources */ = {isa = PBXBuildFile; fileRef = E0C0E4EA1A83512A00A7B07D /* UIImageView+HighlightedWebCache.m */; };
		E0C0E4FB1A83512A00A7B07D /* UIImageView+WebCache.m in Sources */ = {isa = PBXBuildFile; fileRef = E0C0E4EC1A83512A00A7B07D /* UIImageView+WebCache.m */; };
		E0C0E50C1A83583100A7B07D /* MJConst.m in Sources */ = {isa = PBXBuildFile; fileRef = E0C0E4FE1A83583100A7B07D /* MJConst.m */; };
		E0C0E50D1A83583100A7B07D /* MJFoundation.m in Sources */ = {isa = PBXBuildFile; fileRef = E0C0E5011A83583100A7B07D /* MJFoundation.m */; };
		E0C0E50E1A83583100A7B07D /* MJIvar.m in Sources */ = {isa = PBXBuildFile; fileRef = E0C0E5031A83583100A7B07D /* MJIvar.m */; };
		E0C0E50F1A83583100A7B07D /* MJType.m in Sources */ = {isa = PBXBuildFile; fileRef = E0C0E5051A83583100A7B07D /* MJType.m */; };
		E0C0E5101A83583100A7B07D /* NSObject+MJCoding.m in Sources */ = {isa = PBXBuildFile; fileRef = E0C0E5071A83583100A7B07D /* NSObject+MJCoding.m */; };
		E0C0E5111A83583100A7B07D /* NSObject+MJIvar.m in Sources */ = {isa = PBXBuildFile; fileRef = E0C0E5091A83583100A7B07D /* NSObject+MJIvar.m */; };
		E0C0E5121A83583100A7B07D /* NSObject+MJKeyValue.m in Sources */ = {isa = PBXBuildFile; fileRef = E0C0E50B1A83583100A7B07D /* NSObject+MJKeyValue.m */; };
		E0C5ADC71A7E8900002D7379 /* HVWSearchBar.m in Sources */ = {isa = PBXBuildFile; fileRef = E0C5ADC61A7E8900002D7379 /* HVWSearchBar.m */; };
		E0D4D4381A8C6D24009EB5A3 /* HVWStatusCell.m in Sources */ = {isa = PBXBuildFile; fileRef = E0D4D4371A8C6D24009EB5A3 /* HVWStatusCell.m */; };
		E0D4D43B1A8C6D4A009EB5A3 /* HVWStatusContentView.m in Sources */ = {isa = PBXBuildFile; fileRef = E0D4D43A1A8C6D4A009EB5A3 /* HVWStatusContentView.m */; };
		E0D4D43E1A8C6D70009EB5A3 /* HVWStatusOriginalView.m in Sources */ = {isa = PBXBuildFile; fileRef = E0D4D43D1A8C6D70009EB5A3 /* HVWStatusOriginalView.m */; };
		E0D4D4411A8C6D90009EB5A3 /* HVWStatusRetweetedView.m in Sources */ = {isa = PBXBuildFile; fileRef = E0D4D4401A8C6D90009EB5A3 /* HVWStatusRetweetedView.m */; };
		E0D4D4441A8C6DA2009EB5A3 /* HVWStatusToolbar.m in Sources */ = {isa = PBXBuildFile; fileRef = E0D4D4431A8C6DA2009EB5A3 /* HVWStatusToolbar.m */; };
/* End PBXBuildFile section */

/* Begin PBXContainerItemProxy section */
		E07837691A7C7375003CD8B5 /* PBXContainerItemProxy */ = {
			isa = PBXContainerItemProxy;
			containerPortal = E07837471A7C7375003CD8B5 /* Project object */;
			proxyType = 1;
			remoteGlobalIDString = E078374E1A7C7375003CD8B5;
			remoteInfo = HVWWeibo;
		};
/* End PBXContainerItemProxy section */

/* Begin PBXFileReference section */
		E027C2201A7FC5A5001960BB /* HVWPopMenu.h */ = {isa = PBXFileReference; fileEncoding = 4; lastKnownFileType = sourcecode.c.h; path = HVWPopMenu.h; sourceTree = "<group>"; };
		E027C2211A7FC5A5001960BB /* HVWPopMenu.m */ = {isa = PBXFileReference; fileEncoding = 4; lastKnownFileType = sourcecode.c.objc; path = HVWPopMenu.m; sourceTree = "<group>"; };
		E027C2271A7FFD40001960BB /* HVWTabBar.h */ = {isa = PBXFileReference; fileEncoding = 4; lastKnownFileType = sourcecode.c.h; path = HVWTabBar.h; sourceTree = "<group>"; };
		E027C2281A7FFD40001960BB /* HVWTabBar.m */ = {isa = PBXFileReference; fileEncoding = 4; lastKnownFileType = sourcecode.c.objc; path = HVWTabBar.m; sourceTree = "<group>"; };
		E027C22E1A7FFDA0001960BB /* HVWComposeViewController.h */ = {isa = PBXFileReference; fileEncoding = 4; lastKnownFileType = sourcecode.c.h; path = HVWComposeViewController.h; sourceTree = "<group>"; };
		E027C22F1A7FFDA0001960BB /* HVWComposeViewController.m */ = {isa = PBXFileReference; fileEncoding = 4; lastKnownFileType = sourcecode.c.objc; path = HVWComposeViewController.m; sourceTree = "<group>"; };
		E05FD27E1A82722300B5CDE3 /* HVWOAuthViewController.h */ = {isa = PBXFileReference; fileEncoding = 4; lastKnownFileType = sourcecode.c.h; path = HVWOAuthViewController.h; sourceTree = "<group>"; };
		E05FD27F1A82722300B5CDE3 /* HVWOAuthViewController.m */ = {isa = PBXFileReference; fileEncoding = 4; lastKnownFileType = sourcecode.c.objc; path = HVWOAuthViewController.m; sourceTree = "<group>"; };
		E05FD2831A8274BF00B5CDE3 /* MBProgressHUD+MJ.h */ = {isa = PBXFileReference; fileEncoding = 4; lastKnownFileType = sourcecode.c.h; path = "MBProgressHUD+MJ.h"; sourceTree = "<group>"; };
		E05FD2841A8274BF00B5CDE3 /* MBProgressHUD+MJ.m */ = {isa = PBXFileReference; fileEncoding = 4; lastKnownFileType = sourcecode.c.objc; path = "MBProgressHUD+MJ.m"; sourceTree = "<group>"; };
		E05FD2851A8274BF00B5CDE3 /* MBProgressHUD.bundle */ = {isa = PBXFileReference; lastKnownFileType = "wrapper.plug-in"; path = MBProgressHUD.bundle; sourceTree = "<group>"; };
		E05FD2861A8274BF00B5CDE3 /* MBProgressHUD.h */ = {isa = PBXFileReference; fileEncoding = 4; lastKnownFileType = sourcecode.c.h; path = MBProgressHUD.h; sourceTree = "<group>"; };
		E05FD2871A8274BF00B5CDE3 /* MBProgressHUD.m */ = {isa = PBXFileReference; fileEncoding = 4; lastKnownFileType = sourcecode.c.objc; path = MBProgressHUD.m; sourceTree = "<group>"; };
		E05FD28C1A827AF900B5CDE3 /* AFHTTPRequestOperation.h */ = {isa = PBXFileReference; fileEncoding = 4; lastKnownFileType = sourcecode.c.h; path = AFHTTPRequestOperation.h; sourceTree = "<group>"; };
		E05FD28D1A827AF900B5CDE3 /* AFHTTPRequestOperation.m */ = {isa = PBXFileReference; fileEncoding = 4; lastKnownFileType = sourcecode.c.objc; path = AFHTTPRequestOperation.m; sourceTree = "<group>"; };
		E05FD28E1A827AF900B5CDE3 /* AFHTTPRequestOperationManager.h */ = {isa = PBXFileReference; fileEncoding = 4; lastKnownFileType = sourcecode.c.h; path = AFHTTPRequestOperationManager.h; sourceTree = "<group>"; };
		E05FD28F1A827AF900B5CDE3 /* AFHTTPRequestOperationManager.m */ = {isa = PBXFileReference; fileEncoding = 4; lastKnownFileType = sourcecode.c.objc; path = AFHTTPRequestOperationManager.m; sourceTree = "<group>"; };
		E05FD2901A827AF900B5CDE3 /* AFHTTPSessionManager.h */ = {isa = PBXFileReference; fileEncoding = 4; lastKnownFileType = sourcecode.c.h; path = AFHTTPSessionManager.h; sourceTree = "<group>"; };
		E05FD2911A827AF900B5CDE3 /* AFHTTPSessionManager.m */ = {isa = PBXFileReference; fileEncoding = 4; lastKnownFileType = sourcecode.c.objc; path = AFHTTPSessionManager.m; sourceTree = "<group>"; };
		E05FD2921A827AF900B5CDE3 /* AFNetworking.h */ = {isa = PBXFileReference; fileEncoding = 4; lastKnownFileType = sourcecode.c.h; path = AFNetworking.h; sourceTree = "<group>"; };
		E05FD2931A827AF900B5CDE3 /* AFNetworkReachabilityManager.h */ = {isa = PBXFileReference; fileEncoding = 4; lastKnownFileType = sourcecode.c.h; path = AFNetworkReachabilityManager.h; sourceTree = "<group>"; };
		E05FD2941A827AF900B5CDE3 /* AFNetworkReachabilityManager.m */ = {isa = PBXFileReference; fileEncoding = 4; lastKnownFileType = sourcecode.c.objc; path = AFNetworkReachabilityManager.m; sourceTree = "<group>"; };
		E05FD2951A827AF900B5CDE3 /* AFSecurityPolicy.h */ = {isa = PBXFileReference; fileEncoding = 4; lastKnownFileType = sourcecode.c.h; path = AFSecurityPolicy.h; sourceTree = "<group>"; };
		E05FD2961A827AF900B5CDE3 /* AFSecurityPolicy.m */ = {isa = PBXFileReference; fileEncoding = 4; lastKnownFileType = sourcecode.c.objc; path = AFSecurityPolicy.m; sourceTree = "<group>"; };
		E05FD2971A827AF900B5CDE3 /* AFURLConnectionOperation.h */ = {isa = PBXFileReference; fileEncoding = 4; lastKnownFileType = sourcecode.c.h; path = AFURLConnectionOperation.h; sourceTree = "<group>"; };
		E05FD2981A827AF900B5CDE3 /* AFURLConnectionOperation.m */ = {isa = PBXFileReference; fileEncoding = 4; lastKnownFileType = sourcecode.c.objc; path = AFURLConnectionOperation.m; sourceTree = "<group>"; };
		E05FD2991A827AF900B5CDE3 /* AFURLRequestSerialization.h */ = {isa = PBXFileReference; fileEncoding = 4; lastKnownFileType = sourcecode.c.h; path = AFURLRequestSerialization.h; sourceTree = "<group>"; };
		E05FD29A1A827AF900B5CDE3 /* AFURLRequestSerialization.m */ = {isa = PBXFileReference; fileEncoding = 4; lastKnownFileType = sourcecode.c.objc; path = AFURLRequestSerialization.m; sourceTree = "<group>"; };
		E05FD29B1A827AF900B5CDE3 /* AFURLResponseSerialization.h */ = {isa = PBXFileReference; fileEncoding = 4; lastKnownFileType = sourcecode.c.h; path = AFURLResponseSerialization.h; sourceTree = "<group>"; };
		E05FD29C1A827AF900B5CDE3 /* AFURLResponseSerialization.m */ = {isa = PBXFileReference; fileEncoding = 4; lastKnownFileType = sourcecode.c.objc; path = AFURLResponseSerialization.m; sourceTree = "<group>"; };
		E05FD29D1A827AF900B5CDE3 /* AFURLSessionManager.h */ = {isa = PBXFileReference; fileEncoding = 4; lastKnownFileType = sourcecode.c.h; path = AFURLSessionManager.h; sourceTree = "<group>"; };
		E05FD29E1A827AF900B5CDE3 /* AFURLSessionManager.m */ = {isa = PBXFileReference; fileEncoding = 4; lastKnownFileType = sourcecode.c.objc; path = AFURLSessionManager.m; sourceTree = "<group>"; };
		E05FD2A91A82965400B5CDE3 /* HVWControllerTool.h */ = {isa = PBXFileReference; fileEncoding = 4; lastKnownFileType = sourcecode.c.h; path = HVWControllerTool.h; sourceTree = "<group>"; };
		E05FD2AA1A82965400B5CDE3 /* HVWControllerTool.m */ = {isa = PBXFileReference; fileEncoding = 4; lastKnownFileType = sourcecode.c.objc; path = HVWControllerTool.m; sourceTree = "<group>"; };
		E05FD2B21A829D2E00B5CDE3 /* HVWAccountInfoTool.h */ = {isa = PBXFileReference; fileEncoding = 4; lastKnownFileType = sourcecode.c.h; path = HVWAccountInfoTool.h; sourceTree = "<group>"; };
		E05FD2B31A829D2E00B5CDE3 /* HVWAccountInfoTool.m */ = {isa = PBXFileReference; fileEncoding = 4; lastKnownFileType = sourcecode.c.objc; path = HVWAccountInfoTool.m; sourceTree = "<group>"; };
		E078374F1A7C7375003CD8B5 /* HVWWeibo.app */ = {isa = PBXFileReference; explicitFileType = wrapper.application; includeInIndex = 0; path = HVWWeibo.app; sourceTree = BUILT_PRODUCTS_DIR; };
		E07837531A7C7375003CD8B5 /* Info.plist */ = {isa = PBXFileReference; lastKnownFileType = text.plist.xml; path = Info.plist; sourceTree = "<group>"; };
		E07837541A7C7375003CD8B5 /* main.m */ = {isa = PBXFileReference; lastKnownFileType = sourcecode.c.objc; path = main.m; sourceTree = "<group>"; };
		E078375F1A7C7375003CD8B5 /* Images.xcassets */ = {isa = PBXFileReference; lastKnownFileType = folder.assetcatalog; path = Images.xcassets; sourceTree = "<group>"; };
		E07837681A7C7375003CD8B5 /* HVWWeiboTests.xctest */ = {isa = PBXFileReference; explicitFileType = wrapper.cfbundle; includeInIndex = 0; path = HVWWeiboTests.xctest; sourceTree = BUILT_PRODUCTS_DIR; };
		E078376D1A7C7375003CD8B5 /* Info.plist */ = {isa = PBXFileReference; lastKnownFileType = text.plist.xml; path = Info.plist; sourceTree = "<group>"; };
		E078376E1A7C7375003CD8B5 /* HVWWeiboTests.m */ = {isa = PBXFileReference; lastKnownFileType = sourcecode.c.objc; path = HVWWeiboTests.m; sourceTree = "<group>"; };
		E07837AC1A7C82BA003CD8B5 /* AppDelegate.h */ = {isa = PBXFileReference; fileEncoding = 4; lastKnownFileType = sourcecode.c.h; path = AppDelegate.h; sourceTree = "<group>"; };
		E07837AD1A7C82BA003CD8B5 /* AppDelegate.m */ = {isa = PBXFileReference; fileEncoding = 4; lastKnownFileType = sourcecode.c.objc; path = AppDelegate.m; sourceTree = "<group>"; };
		E07837AF1A7C85F4003CD8B5 /* HVWTabBarViewController.h */ = {isa = PBXFileReference; fileEncoding = 4; lastKnownFileType = sourcecode.c.h; path = HVWTabBarViewController.h; sourceTree = "<group>"; };
		E07837B01A7C85F4003CD8B5 /* HVWTabBarViewController.m */ = {isa = PBXFileReference; fileEncoding = 4; lastKnownFileType = sourcecode.c.objc; path = HVWTabBarViewController.m; sourceTree = "<group>"; };
		E07837B21A7C87AA003CD8B5 /* HVWHomeViewController.h */ = {isa = PBXFileReference; fileEncoding = 4; lastKnownFileType = sourcecode.c.h; path = HVWHomeViewController.h; sourceTree = "<group>"; };
		E07837B31A7C87AA003CD8B5 /* HVWHomeViewController.m */ = {isa = PBXFileReference; fileEncoding = 4; lastKnownFileType = sourcecode.c.objc; path = HVWHomeViewController.m; sourceTree = "<group>"; };
		E07837B51A7C87CD003CD8B5 /* HVWMessageViewController.h */ = {isa = PBXFileReference; fileEncoding = 4; lastKnownFileType = sourcecode.c.h; path = HVWMessageViewController.h; sourceTree = "<group>"; };
		E07837B61A7C87CD003CD8B5 /* HVWMessageViewController.m */ = {isa = PBXFileReference; fileEncoding = 4; lastKnownFileType = sourcecode.c.objc; path = HVWMessageViewController.m; sourceTree = "<group>"; };
		E07837B81A7C87DC003CD8B5 /* HVWProfileViewController.h */ = {isa = PBXFileReference; fileEncoding = 4; lastKnownFileType = sourcecode.c.h; path = HVWProfileViewController.h; sourceTree = "<group>"; };
		E07837B91A7C87DC003CD8B5 /* HVWProfileViewController.m */ = {isa = PBXFileReference; fileEncoding = 4; lastKnownFileType = sourcecode.c.objc; path = HVWProfileViewController.m; sourceTree = "<group>"; };
		E07837BB1A7C87EB003CD8B5 /* HVWDiscoverViewController.h */ = {isa = PBXFileReference; fileEncoding = 4; lastKnownFileType = sourcecode.c.h; path = HVWDiscoverViewController.h; sourceTree = "<group>"; };
		E07837BC1A7C87EB003CD8B5 /* HVWDiscoverViewController.m */ = {isa = PBXFileReference; fileEncoding = 4; lastKnownFileType = sourcecode.c.objc; path = HVWDiscoverViewController.m; sourceTree = "<group>"; };
		E07837C21A7C8E42003CD8B5 /* UIImage+Extension.h */ = {isa = PBXFileReference; fileEncoding = 4; lastKnownFileType = sourcecode.c.h; path = "UIImage+Extension.h"; sourceTree = "<group>"; };
		E07837C31A7C8E42003CD8B5 /* UIImage+Extension.m */ = {isa = PBXFileReference; fileEncoding = 4; lastKnownFileType = sourcecode.c.objc; path = "UIImage+Extension.m"; sourceTree = "<group>"; };
		E07837C51A7C8F0E003CD8B5 /* HVWWeibo-Prefix.pch */ = {isa = PBXFileReference; lastKnownFileType = sourcecode.c.h; path = "HVWWeibo-Prefix.pch"; sourceTree = "<group>"; };
		E07837C61A7D06F9003CD8B5 /* HVWNavigationViewController.h */ = {isa = PBXFileReference; fileEncoding = 4; lastKnownFileType = sourcecode.c.h; path = HVWNavigationViewController.h; sourceTree = "<group>"; };
		E07837C71A7D06F9003CD8B5 /* HVWNavigationViewController.m */ = {isa = PBXFileReference; fileEncoding = 4; lastKnownFileType = sourcecode.c.objc; path = HVWNavigationViewController.m; sourceTree = "<group>"; };
		E07837CD1A7D2599003CD8B5 /* UIBarButtonItem+Extension.h */ = {isa = PBXFileReference; fileEncoding = 4; lastKnownFileType = sourcecode.c.h; path = "UIBarButtonItem+Extension.h"; sourceTree = "<group>"; };
		E07837CE1A7D2599003CD8B5 /* UIBarButtonItem+Extension.m */ = {isa = PBXFileReference; fileEncoding = 4; lastKnownFileType = sourcecode.c.objc; path = "UIBarButtonItem+Extension.m"; sourceTree = "<group>"; };
		E07D37C21A7F0B8F00CF81E8 /* UIView+Extension.h */ = {isa = PBXFileReference; fileEncoding = 4; lastKnownFileType = sourcecode.c.h; path = "UIView+Extension.h"; sourceTree = "<group>"; };
		E07D37C31A7F0B8F00CF81E8 /* UIView+Extension.m */ = {isa = PBXFileReference; fileEncoding = 4; lastKnownFileType = sourcecode.c.objc; path = "UIView+Extension.m"; sourceTree = "<group>"; };
		E07D37C51A7F143400CF81E8 /* HVWNavigationBarTitleButton.h */ = {isa = PBXFileReference; fileEncoding = 4; lastKnownFileType = sourcecode.c.h; path = HVWNavigationBarTitleButton.h; sourceTree = "<group>"; };
		E07D37C61A7F143400CF81E8 /* HVWNavigationBarTitleButton.m */ = {isa = PBXFileReference; fileEncoding = 4; lastKnownFileType = sourcecode.c.objc; path = HVWNavigationBarTitleButton.m; sourceTree = "<group>"; };
		E088B0281AA1CAE100865EC8 /* HVWStatusPhotosView.h */ = {isa = PBXFileReference; fileEncoding = 4; lastKnownFileType = sourcecode.c.h; path = HVWStatusPhotosView.h; sourceTree = "<group>"; };
		E088B0291AA1CAE100865EC8 /* HVWStatusPhotosView.m */ = {isa = PBXFileReference; fileEncoding = 4; lastKnownFileType = sourcecode.c.objc; path = HVWStatusPhotosView.m; sourceTree = "<group>"; };
		E088B02B1AA1CB0500865EC8 /* HVWStatusPhotoView.h */ = {isa = PBXFileReference; fileEncoding = 4; lastKnownFileType = sourcecode.c.h; path = HVWStatusPhotoView.h; sourceTree = "<group>"; };
		E088B02C1AA1CB0500865EC8 /* HVWStatusPhotoView.m */ = {isa = PBXFileReference; fileEncoding = 4; lastKnownFileType = sourcecode.c.objc; path = HVWStatusPhotoView.m; sourceTree = "<group>"; };
		E088B0321AA233BE00865EC8 /* HVWPhotoBrowser.h */ = {isa = PBXFileReference; fileEncoding = 4; lastKnownFileType = sourcecode.c.h; path = HVWPhotoBrowser.h; sourceTree = "<group>"; };
		E088B0331AA233BE00865EC8 /* HVWPhotoBrowser.m */ = {isa = PBXFileReference; fileEncoding = 4; lastKnownFileType = sourcecode.c.objc; path = HVWPhotoBrowser.m; sourceTree = "<group>"; };
		E088B0381AA4B07900865EC8 /* HVWPhotoCover.h */ = {isa = PBXFileReference; fileEncoding = 4; lastKnownFileType = sourcecode.c.h; path = HVWPhotoCover.h; sourceTree = "<group>"; };
		E088B0391AA4B07900865EC8 /* HVWPhotoCover.m */ = {isa = PBXFileReference; fileEncoding = 4; lastKnownFileType = sourcecode.c.objc; path = HVWPhotoCover.m; sourceTree = "<group>"; };
		E088B03B1AA4CE6F00865EC8 /* HVWPhotoPageLabel.h */ = {isa = PBXFileReference; fileEncoding = 4; lastKnownFileType = sourcecode.c.h; path = HVWPhotoPageLabel.h; sourceTree = "<group>"; };
		E088B03C1AA4CE6F00865EC8 /* HVWPhotoPageLabel.m */ = {isa = PBXFileReference; fileEncoding = 4; lastKnownFileType = sourcecode.c.objc; path = HVWPhotoPageLabel.m; sourceTree = "<group>"; };
		E090E6621A84BC2100547AC0 /* HVWLoadMoreWeiboFooterView.h */ = {isa = PBXFileReference; fileEncoding = 4; lastKnownFileType = sourcecode.c.h; path = HVWLoadMoreWeiboFooterView.h; sourceTree = "<group>"; };
		E090E6631A84BC2100547AC0 /* HVWLoadMoreWeiboFooterView.m */ = {isa = PBXFileReference; fileEncoding = 4; lastKnownFileType = sourcecode.c.objc; path = HVWLoadMoreWeiboFooterView.m; sourceTree = "<group>"; };
		E090E6651A85008C00547AC0 /* HVWComposeTextView.h */ = {isa = PBXFileReference; fileEncoding = 4; lastKnownFileType = sourcecode.c.h; path = HVWComposeTextView.h; sourceTree = "<group>"; };
		E090E6661A85008C00547AC0 /* HVWComposeTextView.m */ = {isa = PBXFileReference; fileEncoding = 4; lastKnownFileType = sourcecode.c.objc; path = HVWComposeTextView.m; sourceTree = "<group>"; };
		E090E6681A85412500547AC0 /* HVWComposeToolBar.h */ = {isa = PBXFileReference; fileEncoding = 4; lastKnownFileType = sourcecode.c.h; path = HVWComposeToolBar.h; sourceTree = "<group>"; };
		E090E6691A85412500547AC0 /* HVWComposeToolBar.m */ = {isa = PBXFileReference; fileEncoding = 4; lastKnownFileType = sourcecode.c.objc; path = HVWComposeToolBar.m; sourceTree = "<group>"; };
		E090E66B1A854D8300547AC0 /* HVWComposeImageDisplayView.h */ = {isa = PBXFileReference; fileEncoding = 4; lastKnownFileType = sourcecode.c.h; path = HVWComposeImageDisplayView.h; sourceTree = "<group>"; };
		E090E66C1A854D8300547AC0 /* HVWComposeImageDisplayView.m */ = {isa = PBXFileReference; fileEncoding = 4; lastKnownFileType = sourcecode.c.objc; path = HVWComposeImageDisplayView.m; sourceTree = "<group>"; };
		E0913B861A808B060066324E /* HVWNewFeatureViewController.h */ = {isa = PBXFileReference; fileEncoding = 4; lastKnownFileType = sourcecode.c.h; path = HVWNewFeatureViewController.h; sourceTree = "<group>"; };
		E0913B871A808B060066324E /* HVWNewFeatureViewController.m */ = {isa = PBXFileReference; fileEncoding = 4; lastKnownFileType = sourcecode.c.objc; path = HVWNewFeatureViewController.m; sourceTree = "<group>"; };
		E0938E2E1A8B1A8000A85CD4 /* HVWUnreadCountParam.h */ = {isa = PBXFileReference; fileEncoding = 4; lastKnownFileType = sourcecode.c.h; path = HVWUnreadCountParam.h; sourceTree = "<group>"; };
		E0938E2F1A8B1A8000A85CD4 /* HVWUnreadCountParam.m */ = {isa = PBXFileReference; fileEncoding = 4; lastKnownFileType = sourcecode.c.objc; path = HVWUnreadCountParam.m; sourceTree = "<group>"; };
		E0938E311A8B1A9800A85CD4 /* HVWUnreadCountResult.h */ = {isa = PBXFileReference; fileEncoding = 4; lastKnownFileType = sourcecode.c.h; path = HVWUnreadCountResult.h; sourceTree = "<group>"; };
		E0938E321A8B1A9800A85CD4 /* HVWUnreadCountResult.m */ = {isa = PBXFileReference; fileEncoding = 4; lastKnownFileType = sourcecode.c.objc; path = HVWUnreadCountResult.m; sourceTree = "<group>"; };
		E0938E341A8B2DFB00A85CD4 /* HVWUnreadCountTool.h */ = {isa = PBXFileReference; fileEncoding = 4; lastKnownFileType = sourcecode.c.h; path = HVWUnreadCountTool.h; sourceTree = "<group>"; };
		E0938E351A8B2DFB00A85CD4 /* HVWUnreadCountTool.m */ = {isa = PBXFileReference; fileEncoding = 4; lastKnownFileType = sourcecode.c.objc; path = HVWUnreadCountTool.m; sourceTree = "<group>"; };
		E09492CA1A88805600D90E6F /* HVWNetworkTool.h */ = {isa = PBXFileReference; fileEncoding = 4; lastKnownFileType = sourcecode.c.h; path = HVWNetworkTool.h; sourceTree = "<group>"; };
		E09492CB1A88805600D90E6F /* HVWNetworkTool.m */ = {isa = PBXFileReference; fileEncoding = 4; lastKnownFileType = sourcecode.c.objc; path = HVWNetworkTool.m; sourceTree = "<group>"; };
		E09492CD1A88FE6600D90E6F /* HVWStatusTool.h */ = {isa = PBXFileReference; fileEncoding = 4; lastKnownFileType = sourcecode.c.h; path = HVWStatusTool.h; sourceTree = "<group>"; };
		E09492CE1A88FE6600D90E6F /* HVWStatusTool.m */ = {isa = PBXFileReference; fileEncoding = 4; lastKnownFileType = sourcecode.c.objc; path = HVWStatusTool.m; sourceTree = "<group>"; };
		E09492DD1A891AAB00D90E6F /* HVWHomeStatusParam.h */ = {isa = PBXFileReference; fileEncoding = 4; lastKnownFileType = sourcecode.c.h; path = HVWHomeStatusParam.h; sourceTree = "<group>"; };
		E09492DE1A891AAB00D90E6F /* HVWHomeStatusParam.m */ = {isa = PBXFileReference; fileEncoding = 4; lastKnownFileType = sourcecode.c.objc; path = HVWHomeStatusParam.m; sourceTree = "<group>"; };
		E09492DF1A891AAB00D90E6F /* HVWHomeStatusResult.h */ = {isa = PBXFileReference; fileEncoding = 4; lastKnownFileType = sourcecode.c.h; path = HVWHomeStatusResult.h; sourceTree = "<group>"; };
		E09492E01A891AAB00D90E6F /* HVWHomeStatusResult.m */ = {isa = PBXFileReference; fileEncoding = 4; lastKnownFileType = sourcecode.c.objc; path = HVWHomeStatusResult.m; sourceTree = "<group>"; };
		E09492E41A8923D000D90E6F /* HVWAccountInfo.h */ = {isa = PBXFileReference; fileEncoding = 4; lastKnownFileType = sourcecode.c.h; path = HVWAccountInfo.h; sourceTree = "<group>"; };
		E09492E51A8923D000D90E6F /* HVWAccountInfo.m */ = {isa = PBXFileReference; fileEncoding = 4; lastKnownFileType = sourcecode.c.objc; path = HVWAccountInfo.m; sourceTree = "<group>"; };
		E09492E91A89260C00D90E6F /* HVWBaseParam.h */ = {isa = PBXFileReference; fileEncoding = 4; lastKnownFileType = sourcecode.c.h; path = HVWBaseParam.h; sourceTree = "<group>"; };
		E09492EA1A89260C00D90E6F /* HVWBaseParam.m */ = {isa = PBXFileReference; fileEncoding = 4; lastKnownFileType = sourcecode.c.objc; path = HVWBaseParam.m; sourceTree = "<group>"; };
		E09492EC1A89268B00D90E6F /* HVWUserParam.h */ = {isa = PBXFileReference; fileEncoding = 4; lastKnownFileType = sourcecode.c.h; path = HVWUserParam.h; sourceTree = "<group>"; };
		E09492ED1A89268B00D90E6F /* HVWUserParam.m */ = {isa = PBXFileReference; fileEncoding = 4; lastKnownFileType = sourcecode.c.objc; path = HVWUserParam.m; sourceTree = "<group>"; };
		E09492EF1A89272600D90E6F /* HVWUserResult.h */ = {isa = PBXFileReference; fileEncoding = 4; lastKnownFileType = sourcecode.c.h; path = HVWUserResult.h; sourceTree = "<group>"; };
		E09492F01A89272600D90E6F /* HVWUserResult.m */ = {isa = PBXFileReference; fileEncoding = 4; lastKnownFileType = sourcecode.c.objc; path = HVWUserResult.m; sourceTree = "<group>"; };
		E09492F21A892BEF00D90E6F /* HVWBaseTool.h */ = {isa = PBXFileReference; fileEncoding = 4; lastKnownFileType = sourcecode.c.h; path = HVWBaseTool.h; sourceTree = "<group>"; };
		E09492F31A892BEF00D90E6F /* HVWBaseTool.m */ = {isa = PBXFileReference; fileEncoding = 4; lastKnownFileType = sourcecode.c.objc; path = HVWBaseTool.m; sourceTree = "<group>"; };
		E09492F51A892FCE00D90E6F /* HVWFileDataParam.h */ = {isa = PBXFileReference; fileEncoding = 4; lastKnownFileType = sourcecode.c.h; path = HVWFileDataParam.h; sourceTree = "<group>"; };
		E09492F61A892FCE00D90E6F /* HVWFileDataParam.m */ = {isa = PBXFileReference; fileEncoding = 4; lastKnownFileType = sourcecode.c.objc; path = HVWFileDataParam.m; sourceTree = "<group>"; };
		E0AC76BC1A91BFDB006CD6AF /* NSDate+Extension.h */ = {isa = PBXFileReference; fileEncoding = 4; lastKnownFileType = sourcecode.c.h; path = "NSDate+Extension.h"; sourceTree = "<group>"; };
		E0AC76BD1A91BFDB006CD6AF /* NSDate+Extension.m */ = {isa = PBXFileReference; fileEncoding = 4; lastKnownFileType = sourcecode.c.objc; path = "NSDate+Extension.m"; sourceTree = "<group>"; };
		E0BCCE5D1A8CB51C00810171 /* HVWStatusFrame.h */ = {isa = PBXFileReference; fileEncoding = 4; lastKnownFileType = sourcecode.c.h; path = HVWStatusFrame.h; sourceTree = "<group>"; };
		E0BCCE5E1A8CB51C00810171 /* HVWStatusFrame.m */ = {isa = PBXFileReference; fileEncoding = 4; lastKnownFileType = sourcecode.c.objc; path = HVWStatusFrame.m; sourceTree = "<group>"; };
		E0BCCE601A8CB52E00810171 /* HVWStatusContentFrame.h */ = {isa = PBXFileReference; fileEncoding = 4; lastKnownFileType = sourcecode.c.h; path = HVWStatusContentFrame.h; sourceTree = "<group>"; };
		E0BCCE611A8CB52E00810171 /* HVWStatusContentFrame.m */ = {isa = PBXFileReference; fileEncoding = 4; lastKnownFileType = sourcecode.c.objc; path = HVWStatusContentFrame.m; sourceTree = "<group>"; };
		E0BCCE631A8CB53C00810171 /* HVWStatusOriginalFrame.h */ = {isa = PBXFileReference; fileEncoding = 4; lastKnownFileType = sourcecode.c.h; path = HVWStatusOriginalFrame.h; sourceTree = "<group>"; };
		E0BCCE641A8CB53C00810171 /* HVWStatusOriginalFrame.m */ = {isa = PBXFileReference; fileEncoding = 4; lastKnownFileType = sourcecode.c.objc; path = HVWStatusOriginalFrame.m; sourceTree = "<group>"; };
		E0BCCE661A8CB54A00810171 /* HVWStatusRetweetedFrame.h */ = {isa = PBXFileReference; fileEncoding = 4; lastKnownFileType = sourcecode.c.h; path = HVWStatusRetweetedFrame.h; sourceTree = "<group>"; };
		E0BCCE671A8CB54A00810171 /* HVWStatusRetweetedFrame.m */ = {isa = PBXFileReference; fileEncoding = 4; lastKnownFileType = sourcecode.c.objc; path = HVWStatusRetweetedFrame.m; sourceTree = "<group>"; };
		E0BCCE691A8CB55F00810171 /* HVWStatusToolbarFrame.h */ = {isa = PBXFileReference; fileEncoding = 4; lastKnownFileType = sourcecode.c.h; path = HVWStatusToolbarFrame.h; sourceTree = "<group>"; };
		E0BCCE6A1A8CB55F00810171 /* HVWStatusToolbarFrame.m */ = {isa = PBXFileReference; fileEncoding = 4; lastKnownFileType = sourcecode.c.objc; path = HVWStatusToolbarFrame.m; sourceTree = "<group>"; };
		E0BE74D71A89F550005C65CD /* HVWComposeStatusParam.h */ = {isa = PBXFileReference; fileEncoding = 4; lastKnownFileType = sourcecode.c.h; path = HVWComposeStatusParam.h; sourceTree = "<group>"; };
		E0BE74D81A89F550005C65CD /* HVWComposeStatusParam.m */ = {isa = PBXFileReference; fileEncoding = 4; lastKnownFileType = sourcecode.c.objc; path = HVWComposeStatusParam.m; sourceTree = "<group>"; };
		E0BE74DA1A89F561005C65CD /* HVWComposeStatusResult.h */ = {isa = PBXFileReference; fileEncoding = 4; lastKnownFileType = sourcecode.c.h; path = HVWComposeStatusResult.h; sourceTree = "<group>"; };
		E0BE74DB1A89F561005C65CD /* HVWComposeStatusResult.m */ = {isa = PBXFileReference; fileEncoding = 4; lastKnownFileType = sourcecode.c.objc; path = HVWComposeStatusResult.m; sourceTree = "<group>"; };
		E0BE74DD1A8A4233005C65CD /* HVWUserTool.h */ = {isa = PBXFileReference; fileEncoding = 4; lastKnownFileType = sourcecode.c.h; path = HVWUserTool.h; sourceTree = "<group>"; };
		E0BE74DE1A8A4233005C65CD /* HVWUserTool.m */ = {isa = PBXFileReference; fileEncoding = 4; lastKnownFileType = sourcecode.c.objc; path = HVWUserTool.m; sourceTree = "<group>"; };
		E0C0E4C21A8340DD00A7B07D /* Foundation+Log.m */ = {isa = PBXFileReference; fileEncoding = 4; lastKnownFileType = sourcecode.c.objc; path = "Foundation+Log.m"; sourceTree = "<group>"; };
		E0C0E4C41A83435E00A7B07D /* HVWUser.h */ = {isa = PBXFileReference; fileEncoding = 4; lastKnownFileType = sourcecode.c.h; path = HVWUser.h; sourceTree = "<group>"; };
		E0C0E4C51A83435E00A7B07D /* HVWUser.m */ = {isa = PBXFileReference; fileEncoding = 4; lastKnownFileType = sourcecode.c.objc; path = HVWUser.m; sourceTree = "<group>"; };
		E0C0E4C71A83436C00A7B07D /* HVWStatus.h */ = {isa = PBXFileReference; fileEncoding = 4; lastKnownFileType = sourcecode.c.h; path = HVWStatus.h; sourceTree = "<group>"; };
		E0C0E4C81A83436C00A7B07D /* HVWStatus.m */ = {isa = PBXFileReference; fileEncoding = 4; lastKnownFileType = sourcecode.c.objc; path = HVWStatus.m; sourceTree = "<group>"; };
		E0C0E4CA1A83437400A7B07D /* HVWPic.h */ = {isa = PBXFileReference; fileEncoding = 4; lastKnownFileType = sourcecode.c.h; path = HVWPic.h; sourceTree = "<group>"; };
		E0C0E4CB1A83437400A7B07D /* HVWPic.m */ = {isa = PBXFileReference; fileEncoding = 4; lastKnownFileType = sourcecode.c.objc; path = HVWPic.m; sourceTree = "<group>"; };
		E0C0E4CE1A83512A00A7B07D /* MKAnnotationView+WebCache.h */ = {isa = PBXFileReference; fileEncoding = 4; lastKnownFileType = sourcecode.c.h; path = "MKAnnotationView+WebCache.h"; sourceTree = "<group>"; };
		E0C0E4CF1A83512A00A7B07D /* MKAnnotationView+WebCache.m */ = {isa = PBXFileReference; fileEncoding = 4; lastKnownFileType = sourcecode.c.objc; path = "MKAnnotationView+WebCache.m"; sourceTree = "<group>"; };
		E0C0E4D01A83512A00A7B07D /* NSData+ImageContentType.h */ = {isa = PBXFileReference; fileEncoding = 4; lastKnownFileType = sourcecode.c.h; path = "NSData+ImageContentType.h"; sourceTree = "<group>"; };
		E0C0E4D11A83512A00A7B07D /* NSData+ImageContentType.m */ = {isa = PBXFileReference; fileEncoding = 4; lastKnownFileType = sourcecode.c.objc; path = "NSData+ImageContentType.m"; sourceTree = "<group>"; };
		E0C0E4D21A83512A00A7B07D /* SDImageCache.h */ = {isa = PBXFileReference; fileEncoding = 4; lastKnownFileType = sourcecode.c.h; path = SDImageCache.h; sourceTree = "<group>"; };
		E0C0E4D31A83512A00A7B07D /* SDImageCache.m */ = {isa = PBXFileReference; fileEncoding = 4; lastKnownFileType = sourcecode.c.objc; path = SDImageCache.m; sourceTree = "<group>"; };
		E0C0E4D41A83512A00A7B07D /* SDWebImageCompat.h */ = {isa = PBXFileReference; fileEncoding = 4; lastKnownFileType = sourcecode.c.h; path = SDWebImageCompat.h; sourceTree = "<group>"; };
		E0C0E4D51A83512A00A7B07D /* SDWebImageCompat.m */ = {isa = PBXFileReference; fileEncoding = 4; lastKnownFileType = sourcecode.c.objc; path = SDWebImageCompat.m; sourceTree = "<group>"; };
		E0C0E4D61A83512A00A7B07D /* SDWebImageDecoder.h */ = {isa = PBXFileReference; fileEncoding = 4; lastKnownFileType = sourcecode.c.h; path = SDWebImageDecoder.h; sourceTree = "<group>"; };
		E0C0E4D71A83512A00A7B07D /* SDWebImageDecoder.m */ = {isa = PBXFileReference; fileEncoding = 4; lastKnownFileType = sourcecode.c.objc; path = SDWebImageDecoder.m; sourceTree = "<group>"; };
		E0C0E4D81A83512A00A7B07D /* SDWebImageDownloader.h */ = {isa = PBXFileReference; fileEncoding = 4; lastKnownFileType = sourcecode.c.h; path = SDWebImageDownloader.h; sourceTree = "<group>"; };
		E0C0E4D91A83512A00A7B07D /* SDWebImageDownloader.m */ = {isa = PBXFileReference; fileEncoding = 4; lastKnownFileType = sourcecode.c.objc; path = SDWebImageDownloader.m; sourceTree = "<group>"; };
		E0C0E4DA1A83512A00A7B07D /* SDWebImageDownloaderOperation.h */ = {isa = PBXFileReference; fileEncoding = 4; lastKnownFileType = sourcecode.c.h; path = SDWebImageDownloaderOperation.h; sourceTree = "<group>"; };
		E0C0E4DB1A83512A00A7B07D /* SDWebImageDownloaderOperation.m */ = {isa = PBXFileReference; fileEncoding = 4; lastKnownFileType = sourcecode.c.objc; path = SDWebImageDownloaderOperation.m; sourceTree = "<group>"; };
		E0C0E4DC1A83512A00A7B07D /* SDWebImageManager.h */ = {isa = PBXFileReference; fileEncoding = 4; lastKnownFileType = sourcecode.c.h; path = SDWebImageManager.h; sourceTree = "<group>"; };
		E0C0E4DD1A83512A00A7B07D /* SDWebImageManager.m */ = {isa = PBXFileReference; fileEncoding = 4; lastKnownFileType = sourcecode.c.objc; path = SDWebImageManager.m; sourceTree = "<group>"; };
		E0C0E4DE1A83512A00A7B07D /* SDWebImageOperation.h */ = {isa = PBXFileReference; fileEncoding = 4; lastKnownFileType = sourcecode.c.h; path = SDWebImageOperation.h; sourceTree = "<group>"; };
		E0C0E4DF1A83512A00A7B07D /* SDWebImagePrefetcher.h */ = {isa = PBXFileReference; fileEncoding = 4; lastKnownFileType = sourcecode.c.h; path = SDWebImagePrefetcher.h; sourceTree = "<group>"; };
		E0C0E4E01A83512A00A7B07D /* SDWebImagePrefetcher.m */ = {isa = PBXFileReference; fileEncoding = 4; lastKnownFileType = sourcecode.c.objc; path = SDWebImagePrefetcher.m; sourceTree = "<group>"; };
		E0C0E4E11A83512A00A7B07D /* UIButton+WebCache.h */ = {isa = PBXFileReference; fileEncoding = 4; lastKnownFileType = sourcecode.c.h; path = "UIButton+WebCache.h"; sourceTree = "<group>"; };
		E0C0E4E21A83512A00A7B07D /* UIButton+WebCache.m */ = {isa = PBXFileReference; fileEncoding = 4; lastKnownFileType = sourcecode.c.objc; path = "UIButton+WebCache.m"; sourceTree = "<group>"; };
		E0C0E4E31A83512A00A7B07D /* UIImage+GIF.h */ = {isa = PBXFileReference; fileEncoding = 4; lastKnownFileType = sourcecode.c.h; path = "UIImage+GIF.h"; sourceTree = "<group>"; };
		E0C0E4E41A83512A00A7B07D /* UIImage+GIF.m */ = {isa = PBXFileReference; fileEncoding = 4; lastKnownFileType = sourcecode.c.objc; path = "UIImage+GIF.m"; sourceTree = "<group>"; };
		E0C0E4E51A83512A00A7B07D /* UIImage+MultiFormat.h */ = {isa = PBXFileReference; fileEncoding = 4; lastKnownFileType = sourcecode.c.h; path = "UIImage+MultiFormat.h"; sourceTree = "<group>"; };
		E0C0E4E61A83512A00A7B07D /* UIImage+MultiFormat.m */ = {isa = PBXFileReference; fileEncoding = 4; lastKnownFileType = sourcecode.c.objc; path = "UIImage+MultiFormat.m"; sourceTree = "<group>"; };
		E0C0E4E71A83512A00A7B07D /* UIImage+WebP.h */ = {isa = PBXFileReference; fileEncoding = 4; lastKnownFileType = sourcecode.c.h; path = "UIImage+WebP.h"; sourceTree = "<group>"; };
		E0C0E4E81A83512A00A7B07D /* UIImage+WebP.m */ = {isa = PBXFileReference; fileEncoding = 4; lastKnownFileType = sourcecode.c.objc; path = "UIImage+WebP.m"; sourceTree = "<group>"; };
		E0C0E4E91A83512A00A7B07D /* UIImageView+HighlightedWebCache.h */ = {isa = PBXFileReference; fileEncoding = 4; lastKnownFileType = sourcecode.c.h; path = "UIImageView+HighlightedWebCache.h"; sourceTree = "<group>"; };
		E0C0E4EA1A83512A00A7B07D /* UIImageView+HighlightedWebCache.m */ = {isa = PBXFileReference; fileEncoding = 4; lastKnownFileType = sourcecode.c.objc; path = "UIImageView+HighlightedWebCache.m"; sourceTree = "<group>"; };
		E0C0E4EB1A83512A00A7B07D /* UIImageView+WebCache.h */ = {isa = PBXFileReference; fileEncoding = 4; lastKnownFileType = sourcecode.c.h; path = "UIImageView+WebCache.h"; sourceTree = "<group>"; };
		E0C0E4EC1A83512A00A7B07D /* UIImageView+WebCache.m */ = {isa = PBXFileReference; fileEncoding = 4; lastKnownFileType = sourcecode.c.objc; path = "UIImageView+WebCache.m"; sourceTree = "<group>"; };
		E0C0E4FD1A83583100A7B07D /* MJConst.h */ = {isa = PBXFileReference; fileEncoding = 4; lastKnownFileType = sourcecode.c.h; path = MJConst.h; sourceTree = "<group>"; };
		E0C0E4FE1A83583100A7B07D /* MJConst.m */ = {isa = PBXFileReference; fileEncoding = 4; lastKnownFileType = sourcecode.c.objc; path = MJConst.m; sourceTree = "<group>"; };
		E0C0E4FF1A83583100A7B07D /* MJExtension.h */ = {isa = PBXFileReference; fileEncoding = 4; lastKnownFileType = sourcecode.c.h; path = MJExtension.h; sourceTree = "<group>"; };
		E0C0E5001A83583100A7B07D /* MJFoundation.h */ = {isa = PBXFileReference; fileEncoding = 4; lastKnownFileType = sourcecode.c.h; path = MJFoundation.h; sourceTree = "<group>"; };
		E0C0E5011A83583100A7B07D /* MJFoundation.m */ = {isa = PBXFileReference; fileEncoding = 4; lastKnownFileType = sourcecode.c.objc; path = MJFoundation.m; sourceTree = "<group>"; };
		E0C0E5021A83583100A7B07D /* MJIvar.h */ = {isa = PBXFileReference; fileEncoding = 4; lastKnownFileType = sourcecode.c.h; path = MJIvar.h; sourceTree = "<group>"; };
		E0C0E5031A83583100A7B07D /* MJIvar.m */ = {isa = PBXFileReference; fileEncoding = 4; lastKnownFileType = sourcecode.c.objc; path = MJIvar.m; sourceTree = "<group>"; };
		E0C0E5041A83583100A7B07D /* MJType.h */ = {isa = PBXFileReference; fileEncoding = 4; lastKnownFileType = sourcecode.c.h; path = MJType.h; sourceTree = "<group>"; };
		E0C0E5051A83583100A7B07D /* MJType.m */ = {isa = PBXFileReference; fileEncoding = 4; lastKnownFileType = sourcecode.c.objc; path = MJType.m; sourceTree = "<group>"; };
		E0C0E5061A83583100A7B07D /* NSObject+MJCoding.h */ = {isa = PBXFileReference; fileEncoding = 4; lastKnownFileType = sourcecode.c.h; path = "NSObject+MJCoding.h"; sourceTree = "<group>"; };
		E0C0E5071A83583100A7B07D /* NSObject+MJCoding.m */ = {isa = PBXFileReference; fileEncoding = 4; lastKnownFileType = sourcecode.c.objc; path = "NSObject+MJCoding.m"; sourceTree = "<group>"; };
		E0C0E5081A83583100A7B07D /* NSObject+MJIvar.h */ = {isa = PBXFileReference; fileEncoding = 4; lastKnownFileType = sourcecode.c.h; path = "NSObject+MJIvar.h"; sourceTree = "<group>"; };
		E0C0E5091A83583100A7B07D /* NSObject+MJIvar.m */ = {isa = PBXFileReference; fileEncoding = 4; lastKnownFileType = sourcecode.c.objc; path = "NSObject+MJIvar.m"; sourceTree = "<group>"; };
		E0C0E50A1A83583100A7B07D /* NSObject+MJKeyValue.h */ = {isa = PBXFileReference; fileEncoding = 4; lastKnownFileType = sourcecode.c.h; path = "NSObject+MJKeyValue.h"; sourceTree = "<group>"; };
		E0C0E50B1A83583100A7B07D /* NSObject+MJKeyValue.m */ = {isa = PBXFileReference; fileEncoding = 4; lastKnownFileType = sourcecode.c.objc; path = "NSObject+MJKeyValue.m"; sourceTree = "<group>"; };
		E0C5ADC51A7E8900002D7379 /* HVWSearchBar.h */ = {isa = PBXFileReference; fileEncoding = 4; lastKnownFileType = sourcecode.c.h; path = HVWSearchBar.h; sourceTree = "<group>"; };
		E0C5ADC61A7E8900002D7379 /* HVWSearchBar.m */ = {isa = PBXFileReference; fileEncoding = 4; lastKnownFileType = sourcecode.c.objc; path = HVWSearchBar.m; sourceTree = "<group>"; };
		E0D4D4361A8C6D24009EB5A3 /* HVWStatusCell.h */ = {isa = PBXFileReference; fileEncoding = 4; lastKnownFileType = sourcecode.c.h; path = HVWStatusCell.h; sourceTree = "<group>"; };
		E0D4D4371A8C6D24009EB5A3 /* HVWStatusCell.m */ = {isa = PBXFileReference; fileEncoding = 4; lastKnownFileType = sourcecode.c.objc; path = HVWStatusCell.m; sourceTree = "<group>"; };
		E0D4D4391A8C6D4A009EB5A3 /* HVWStatusContentView.h */ = {isa = PBXFileReference; fileEncoding = 4; lastKnownFileType = sourcecode.c.h; path = HVWStatusContentView.h; sourceTree = "<group>"; };
		E0D4D43A1A8C6D4A009EB5A3 /* HVWStatusContentView.m */ = {isa = PBXFileReference; fileEncoding = 4; lastKnownFileType = sourcecode.c.objc; path = HVWStatusContentView.m; sourceTree = "<group>"; };
		E0D4D43C1A8C6D70009EB5A3 /* HVWStatusOriginalView.h */ = {isa = PBXFileReference; fileEncoding = 4; lastKnownFileType = sourcecode.c.h; path = HVWStatusOriginalView.h; sourceTree = "<group>"; };
		E0D4D43D1A8C6D70009EB5A3 /* HVWStatusOriginalView.m */ = {isa = PBXFileReference; fileEncoding = 4; lastKnownFileType = sourcecode.c.objc; path = HVWStatusOriginalView.m; sourceTree = "<group>"; };
		E0D4D43F1A8C6D90009EB5A3 /* HVWStatusRetweetedView.h */ = {isa = PBXFileReference; fileEncoding = 4; lastKnownFileType = sourcecode.c.h; path = HVWStatusRetweetedView.h; sourceTree = "<group>"; };
		E0D4D4401A8C6D90009EB5A3 /* HVWStatusRetweetedView.m */ = {isa = PBXFileReference; fileEncoding = 4; lastKnownFileType = sourcecode.c.objc; path = HVWStatusRetweetedView.m; sourceTree = "<group>"; };
		E0D4D4421A8C6DA2009EB5A3 /* HVWStatusToolbar.h */ = {isa = PBXFileReference; fileEncoding = 4; lastKnownFileType = sourcecode.c.h; path = HVWStatusToolbar.h; sourceTree = "<group>"; };
		E0D4D4431A8C6DA2009EB5A3 /* HVWStatusToolbar.m */ = {isa = PBXFileReference; fileEncoding = 4; lastKnownFileType = sourcecode.c.objc; path = HVWStatusToolbar.m; sourceTree = "<group>"; };
/* End PBXFileReference section */

/* Begin PBXFrameworksBuildPhase section */
		E078374C1A7C7375003CD8B5 /* Frameworks */ = {
			isa = PBXFrameworksBuildPhase;
			buildActionMask = 2147483647;
			files = (
			);
			runOnlyForDeploymentPostprocessing = 0;
		};
		E07837651A7C7375003CD8B5 /* Frameworks */ = {
			isa = PBXFrameworksBuildPhase;
			buildActionMask = 2147483647;
			files = (
			);
			runOnlyForDeploymentPostprocessing = 0;
		};
/* End PBXFrameworksBuildPhase section */

/* Begin PBXGroup section */
		E027C2261A7FFD40001960BB /* View */ = {
			isa = PBXGroup;
			children = (
				E027C2271A7FFD40001960BB /* HVWTabBar.h */,
				E027C2281A7FFD40001960BB /* HVWTabBar.m */,
			);
			path = View;
			sourceTree = "<group>";
		};
		E027C22A1A7FFD81001960BB /* Compose */ = {
			isa = PBXGroup;
			children = (
				E027C22B1A7FFD81001960BB /* Controller */,
				E027C22C1A7FFD81001960BB /* Model */,
				E027C22D1A7FFD81001960BB /* View */,
			);
			path = Compose;
			sourceTree = "<group>";
		};
		E027C22B1A7FFD81001960BB /* Controller */ = {
			isa = PBXGroup;
			children = (
				E027C22E1A7FFDA0001960BB /* HVWComposeViewController.h */,
				E027C22F1A7FFDA0001960BB /* HVWComposeViewController.m */,
			);
			path = Controller;
			sourceTree = "<group>";
		};
		E027C22C1A7FFD81001960BB /* Model */ = {
			isa = PBXGroup;
			children = (
			);
			path = Model;
			sourceTree = "<group>";
		};
		E027C22D1A7FFD81001960BB /* View */ = {
			isa = PBXGroup;
			children = (
				E090E6651A85008C00547AC0 /* HVWComposeTextView.h */,
				E090E6661A85008C00547AC0 /* HVWComposeTextView.m */,
				E090E6681A85412500547AC0 /* HVWComposeToolBar.h */,
				E090E6691A85412500547AC0 /* HVWComposeToolBar.m */,
				E090E66B1A854D8300547AC0 /* HVWComposeImageDisplayView.h */,
				E090E66C1A854D8300547AC0 /* HVWComposeImageDisplayView.m */,
			);
			path = View;
			sourceTree = "<group>";
		};
		E05FD27A1A82705500B5CDE3 /* OAuth */ = {
			isa = PBXGroup;
			children = (
				E05FD27B1A82705500B5CDE3 /* Controller */,
				E05FD27C1A82705500B5CDE3 /* Model */,
				E05FD27D1A82705500B5CDE3 /* View */,
			);
			path = OAuth;
			sourceTree = "<group>";
		};
		E05FD27B1A82705500B5CDE3 /* Controller */ = {
			isa = PBXGroup;
			children = (
				E05FD27E1A82722300B5CDE3 /* HVWOAuthViewController.h */,
				E05FD27F1A82722300B5CDE3 /* HVWOAuthViewController.m */,
			);
			path = Controller;
			sourceTree = "<group>";
		};
		E05FD27C1A82705500B5CDE3 /* Model */ = {
			isa = PBXGroup;
			children = (
			);
			path = Model;
			sourceTree = "<group>";
		};
		E05FD27D1A82705500B5CDE3 /* View */ = {
			isa = PBXGroup;
			children = (
			);
			path = View;
			sourceTree = "<group>";
		};
		E05FD2811A82749D00B5CDE3 /* Lib */ = {
			isa = PBXGroup;
			children = (
				E088B0311AA2336500865EC8 /* PhotoBrowser */,
				E0C0E4FC1A83583100A7B07D /* MJExtension */,
				E0C0E4CD1A83512A00A7B07D /* SDWebImage */,
				E05FD28B1A827AF900B5CDE3 /* AFNetworking */,
				E05FD2821A8274BF00B5CDE3 /* MBProgressHUD */,
			);
			path = Lib;
			sourceTree = "<group>";
		};
		E05FD2821A8274BF00B5CDE3 /* MBProgressHUD */ = {
			isa = PBXGroup;
			children = (
				E05FD2831A8274BF00B5CDE3 /* MBProgressHUD+MJ.h */,
				E05FD2841A8274BF00B5CDE3 /* MBProgressHUD+MJ.m */,
				E05FD2851A8274BF00B5CDE3 /* MBProgressHUD.bundle */,
				E05FD2861A8274BF00B5CDE3 /* MBProgressHUD.h */,
				E05FD2871A8274BF00B5CDE3 /* MBProgressHUD.m */,
			);
			path = MBProgressHUD;
			sourceTree = "<group>";
		};
		E05FD28B1A827AF900B5CDE3 /* AFNetworking */ = {
			isa = PBXGroup;
			children = (
				E05FD28C1A827AF900B5CDE3 /* AFHTTPRequestOperation.h */,
				E05FD28D1A827AF900B5CDE3 /* AFHTTPRequestOperation.m */,
				E05FD28E1A827AF900B5CDE3 /* AFHTTPRequestOperationManager.h */,
				E05FD28F1A827AF900B5CDE3 /* AFHTTPRequestOperationManager.m */,
				E05FD2901A827AF900B5CDE3 /* AFHTTPSessionManager.h */,
				E05FD2911A827AF900B5CDE3 /* AFHTTPSessionManager.m */,
				E05FD2921A827AF900B5CDE3 /* AFNetworking.h */,
				E05FD2931A827AF900B5CDE3 /* AFNetworkReachabilityManager.h */,
				E05FD2941A827AF900B5CDE3 /* AFNetworkReachabilityManager.m */,
				E05FD2951A827AF900B5CDE3 /* AFSecurityPolicy.h */,
				E05FD2961A827AF900B5CDE3 /* AFSecurityPolicy.m */,
				E05FD2971A827AF900B5CDE3 /* AFURLConnectionOperation.h */,
				E05FD2981A827AF900B5CDE3 /* AFURLConnectionOperation.m */,
				E05FD2991A827AF900B5CDE3 /* AFURLRequestSerialization.h */,
				E05FD29A1A827AF900B5CDE3 /* AFURLRequestSerialization.m */,
				E05FD29B1A827AF900B5CDE3 /* AFURLResponseSerialization.h */,
				E05FD29C1A827AF900B5CDE3 /* AFURLResponseSerialization.m */,
				E05FD29D1A827AF900B5CDE3 /* AFURLSessionManager.h */,
				E05FD29E1A827AF900B5CDE3 /* AFURLSessionManager.m */,
			);
			path = AFNetworking;
			sourceTree = "<group>";
		};
		E05FD2A81A82963800B5CDE3 /* Tool */ = {
			isa = PBXGroup;
			children = (
				E05FD2A91A82965400B5CDE3 /* HVWControllerTool.h */,
				E05FD2AA1A82965400B5CDE3 /* HVWControllerTool.m */,
				E05FD2B21A829D2E00B5CDE3 /* HVWAccountInfoTool.h */,
				E05FD2B31A829D2E00B5CDE3 /* HVWAccountInfoTool.m */,
				E09492CA1A88805600D90E6F /* HVWNetworkTool.h */,
				E09492CB1A88805600D90E6F /* HVWNetworkTool.m */,
				E09492CD1A88FE6600D90E6F /* HVWStatusTool.h */,
				E09492CE1A88FE6600D90E6F /* HVWStatusTool.m */,
				E09492F21A892BEF00D90E6F /* HVWBaseTool.h */,
				E09492F31A892BEF00D90E6F /* HVWBaseTool.m */,
				E0BE74DD1A8A4233005C65CD /* HVWUserTool.h */,
				E0BE74DE1A8A4233005C65CD /* HVWUserTool.m */,
				E0938E341A8B2DFB00A85CD4 /* HVWUnreadCountTool.h */,
				E0938E351A8B2DFB00A85CD4 /* HVWUnreadCountTool.m */,
			);
			path = Tool;
			sourceTree = "<group>";
		};
		E07837461A7C7375003CD8B5 = {
			isa = PBXGroup;
			children = (
				E07837511A7C7375003CD8B5 /* HVWWeibo */,
				E078376B1A7C7375003CD8B5 /* HVWWeiboTests */,
				E07837501A7C7375003CD8B5 /* Products */,
			);
			sourceTree = "<group>";
		};
		E07837501A7C7375003CD8B5 /* Products */ = {
			isa = PBXGroup;
			children = (
				E078374F1A7C7375003CD8B5 /* HVWWeibo.app */,
				E07837681A7C7375003CD8B5 /* HVWWeiboTests.xctest */,
			);
			name = Products;
			sourceTree = "<group>";
		};
		E07837511A7C7375003CD8B5 /* HVWWeibo */ = {
			isa = PBXGroup;
			children = (
				E07837951A7C8282003CD8B5 /* Classes */,
				E078375F1A7C7375003CD8B5 /* Images.xcassets */,
				E07837521A7C7375003CD8B5 /* Supporting Files */,
			);
			path = HVWWeibo;
			sourceTree = "<group>";
		};
		E07837521A7C7375003CD8B5 /* Supporting Files */ = {
			isa = PBXGroup;
			children = (
				E07837531A7C7375003CD8B5 /* Info.plist */,
				E07837541A7C7375003CD8B5 /* main.m */,
				E07837C51A7C8F0E003CD8B5 /* HVWWeibo-Prefix.pch */,
			);
			name = "Supporting Files";
			sourceTree = "<group>";
		};
		E078376B1A7C7375003CD8B5 /* HVWWeiboTests */ = {
			isa = PBXGroup;
			children = (
				E078376E1A7C7375003CD8B5 /* HVWWeiboTests.m */,
				E078376C1A7C7375003CD8B5 /* Supporting Files */,
			);
			path = HVWWeiboTests;
			sourceTree = "<group>";
		};
		E078376C1A7C7375003CD8B5 /* Supporting Files */ = {
			isa = PBXGroup;
			children = (
				E078376D1A7C7375003CD8B5 /* Info.plist */,
			);
			name = "Supporting Files";
			sourceTree = "<group>";
		};
		E07837951A7C8282003CD8B5 /* Classes */ = {
			isa = PBXGroup;
			children = (
				E027C22A1A7FFD81001960BB /* Compose */,
				E05FD27A1A82705500B5CDE3 /* OAuth */,
				E0913B821A808A790066324E /* NewFeature */,
				E078379E1A7C8282003CD8B5 /* Main */,
				E078379A1A7C8282003CD8B5 /* Home */,
				E07837A41A7C8282003CD8B5 /* Message */,
				E07837961A7C8282003CD8B5 /* Discover */,
				E07837A81A7C8282003CD8B5 /* Profile */,
			);
			path = Classes;
			sourceTree = "<group>";
		};
		E07837961A7C8282003CD8B5 /* Discover */ = {
			isa = PBXGroup;
			children = (
				E07837971A7C8282003CD8B5 /* Controller */,
				E07837981A7C8282003CD8B5 /* Model */,
				E07837991A7C8282003CD8B5 /* View */,
			);
			path = Discover;
			sourceTree = "<group>";
		};
		E07837971A7C8282003CD8B5 /* Controller */ = {
			isa = PBXGroup;
			children = (
				E07837BB1A7C87EB003CD8B5 /* HVWDiscoverViewController.h */,
				E07837BC1A7C87EB003CD8B5 /* HVWDiscoverViewController.m */,
			);
			path = Controller;
			sourceTree = "<group>";
		};
		E07837981A7C8282003CD8B5 /* Model */ = {
			isa = PBXGroup;
			children = (
			);
			path = Model;
			sourceTree = "<group>";
		};
		E07837991A7C8282003CD8B5 /* View */ = {
			isa = PBXGroup;
			children = (
				E0C5ADC51A7E8900002D7379 /* HVWSearchBar.h */,
				E0C5ADC61A7E8900002D7379 /* HVWSearchBar.m */,
			);
			path = View;
			sourceTree = "<group>";
		};
		E078379A1A7C8282003CD8B5 /* Home */ = {
			isa = PBXGroup;
			children = (
				E078379B1A7C8282003CD8B5 /* Controller */,
				E078379C1A7C8282003CD8B5 /* Model */,
				E078379D1A7C8282003CD8B5 /* View */,
			);
			path = Home;
			sourceTree = "<group>";
		};
		E078379B1A7C8282003CD8B5 /* Controller */ = {
			isa = PBXGroup;
			children = (
				E07837B21A7C87AA003CD8B5 /* HVWHomeViewController.h */,
				E07837B31A7C87AA003CD8B5 /* HVWHomeViewController.m */,
			);
			path = Controller;
			sourceTree = "<group>";
		};
		E078379C1A7C8282003CD8B5 /* Model */ = {
			isa = PBXGroup;
			children = (
				E0BCCE5C1A8CB4C100810171 /* Cell */,
				E0C0E4C41A83435E00A7B07D /* HVWUser.h */,
				E0C0E4C51A83435E00A7B07D /* HVWUser.m */,
				E0C0E4C71A83436C00A7B07D /* HVWStatus.h */,
				E0C0E4C81A83436C00A7B07D /* HVWStatus.m */,
				E0C0E4CA1A83437400A7B07D /* HVWPic.h */,
				E0C0E4CB1A83437400A7B07D /* HVWPic.m */,
			);
			path = Model;
			sourceTree = "<group>";
		};
		E078379D1A7C8282003CD8B5 /* View */ = {
			isa = PBXGroup;
			children = (
				E0D4D4351A8C6CF1009EB5A3 /* Cell */,
				E07D37C51A7F143400CF81E8 /* HVWNavigationBarTitleButton.h */,
				E07D37C61A7F143400CF81E8 /* HVWNavigationBarTitleButton.m */,
				E027C2201A7FC5A5001960BB /* HVWPopMenu.h */,
				E027C2211A7FC5A5001960BB /* HVWPopMenu.m */,
				E090E6621A84BC2100547AC0 /* HVWLoadMoreWeiboFooterView.h */,
				E090E6631A84BC2100547AC0 /* HVWLoadMoreWeiboFooterView.m */,
			);
			path = View;
			sourceTree = "<group>";
		};
		E078379E1A7C8282003CD8B5 /* Main */ = {
			isa = PBXGroup;
			children = (
				E05FD2811A82749D00B5CDE3 /* Lib */,
				E05FD2A81A82963800B5CDE3 /* Tool */,
				E07837C11A7C8E37003CD8B5 /* Category */,
				E07837A01A7C8282003CD8B5 /* Controller */,
				E07837A11A7C8282003CD8B5 /* Model */,
				E07837A21A7C8282003CD8B5 /* Other */,
				E027C2261A7FFD40001960BB /* View */,
			);
			path = Main;
			sourceTree = "<group>";
		};
		E07837A01A7C8282003CD8B5 /* Controller */ = {
			isa = PBXGroup;
			children = (
				E07837AF1A7C85F4003CD8B5 /* HVWTabBarViewController.h */,
				E07837B01A7C85F4003CD8B5 /* HVWTabBarViewController.m */,
				E07837C61A7D06F9003CD8B5 /* HVWNavigationViewController.h */,
				E07837C71A7D06F9003CD8B5 /* HVWNavigationViewController.m */,
			);
			path = Controller;
			sourceTree = "<group>";
		};
		E07837A11A7C8282003CD8B5 /* Model */ = {
			isa = PBXGroup;
			children = (
				E09492E91A89260C00D90E6F /* HVWBaseParam.h */,
				E09492EA1A89260C00D90E6F /* HVWBaseParam.m */,
				E09492F51A892FCE00D90E6F /* HVWFileDataParam.h */,
				E09492F61A892FCE00D90E6F /* HVWFileDataParam.m */,
				E0938E2D1A8B1A6600A85CD4 /* UnreadCount */,
				E09492E71A89258000D90E6F /* ComposeStatus */,
				E09492E81A89258000D90E6F /* User */,
				E09492E31A8923C600D90E6F /* Account */,
				E09492D91A891A5200D90E6F /* HomeStatus */,
			);
			path = Model;
			sourceTree = "<group>";
		};
		E07837A21A7C8282003CD8B5 /* Other */ = {
			isa = PBXGroup;
			children = (
				E07837AC1A7C82BA003CD8B5 /* AppDelegate.h */,
				E07837AD1A7C82BA003CD8B5 /* AppDelegate.m */,
			);
			path = Other;
			sourceTree = "<group>";
		};
		E07837A41A7C8282003CD8B5 /* Message */ = {
			isa = PBXGroup;
			children = (
				E07837A51A7C8282003CD8B5 /* Controller */,
				E07837A61A7C8282003CD8B5 /* Model */,
				E07837A71A7C8282003CD8B5 /* View */,
			);
			path = Message;
			sourceTree = "<group>";
		};
		E07837A51A7C8282003CD8B5 /* Controller */ = {
			isa = PBXGroup;
			children = (
				E07837B51A7C87CD003CD8B5 /* HVWMessageViewController.h */,
				E07837B61A7C87CD003CD8B5 /* HVWMessageViewController.m */,
			);
			path = Controller;
			sourceTree = "<group>";
		};
		E07837A61A7C8282003CD8B5 /* Model */ = {
			isa = PBXGroup;
			children = (
			);
			path = Model;
			sourceTree = "<group>";
		};
		E07837A71A7C8282003CD8B5 /* View */ = {
			isa = PBXGroup;
			children = (
			);
			path = View;
			sourceTree = "<group>";
		};
		E07837A81A7C8282003CD8B5 /* Profile */ = {
			isa = PBXGroup;
			children = (
				E07837A91A7C8282003CD8B5 /* Controller */,
				E07837AA1A7C8282003CD8B5 /* Model */,
				E07837AB1A7C8282003CD8B5 /* View */,
			);
			path = Profile;
			sourceTree = "<group>";
		};
		E07837A91A7C8282003CD8B5 /* Controller */ = {
			isa = PBXGroup;
			children = (
				E07837B81A7C87DC003CD8B5 /* HVWProfileViewController.h */,
				E07837B91A7C87DC003CD8B5 /* HVWProfileViewController.m */,
			);
			path = Controller;
			sourceTree = "<group>";
		};
		E07837AA1A7C8282003CD8B5 /* Model */ = {
			isa = PBXGroup;
			children = (
			);
			path = Model;
			sourceTree = "<group>";
		};
		E07837AB1A7C8282003CD8B5 /* View */ = {
			isa = PBXGroup;
			children = (
			);
			path = View;
			sourceTree = "<group>";
		};
		E07837C11A7C8E37003CD8B5 /* Category */ = {
			isa = PBXGroup;
			children = (
				E0C0E4C21A8340DD00A7B07D /* Foundation+Log.m */,
				E07837C21A7C8E42003CD8B5 /* UIImage+Extension.h */,
				E07837C31A7C8E42003CD8B5 /* UIImage+Extension.m */,
				E07837CD1A7D2599003CD8B5 /* UIBarButtonItem+Extension.h */,
				E07837CE1A7D2599003CD8B5 /* UIBarButtonItem+Extension.m */,
				E07D37C21A7F0B8F00CF81E8 /* UIView+Extension.h */,
				E07D37C31A7F0B8F00CF81E8 /* UIView+Extension.m */,
				E0AC76BC1A91BFDB006CD6AF /* NSDate+Extension.h */,
				E0AC76BD1A91BFDB006CD6AF /* NSDate+Extension.m */,
			);
			path = Category;
			sourceTree = "<group>";
		};
		E088B0311AA2336500865EC8 /* PhotoBrowser */ = {
			isa = PBXGroup;
			children = (
				E088B0321AA233BE00865EC8 /* HVWPhotoBrowser.h */,
				E088B0331AA233BE00865EC8 /* HVWPhotoBrowser.m */,
				E088B0381AA4B07900865EC8 /* HVWPhotoCover.h */,
				E088B0391AA4B07900865EC8 /* HVWPhotoCover.m */,
				E088B03B1AA4CE6F00865EC8 /* HVWPhotoPageLabel.h */,
				E088B03C1AA4CE6F00865EC8 /* HVWPhotoPageLabel.m */,
			);
			path = PhotoBrowser;
			sourceTree = "<group>";
		};
		E0913B821A808A790066324E /* NewFeature */ = {
			isa = PBXGroup;
			children = (
				E0913B831A808A790066324E /* Controller */,
				E0913B841A808A790066324E /* Model */,
				E0913B851A808A790066324E /* View */,
			);
			path = NewFeature;
			sourceTree = "<group>";
		};
		E0913B831A808A790066324E /* Controller */ = {
			isa = PBXGroup;
			children = (
				E0913B861A808B060066324E /* HVWNewFeatureViewController.h */,
				E0913B871A808B060066324E /* HVWNewFeatureViewController.m */,
			);
			path = Controller;
			sourceTree = "<group>";
		};
		E0913B841A808A790066324E /* Model */ = {
			isa = PBXGroup;
			children = (
			);
			path = Model;
			sourceTree = "<group>";
		};
		E0913B851A808A790066324E /* View */ = {
			isa = PBXGroup;
			children = (
			);
			path = View;
			sourceTree = "<group>";
		};
		E0938E2D1A8B1A6600A85CD4 /* UnreadCount */ = {
			isa = PBXGroup;
			children = (
				E0938E2E1A8B1A8000A85CD4 /* HVWUnreadCountParam.h */,
				E0938E2F1A8B1A8000A85CD4 /* HVWUnreadCountParam.m */,
				E0938E311A8B1A9800A85CD4 /* HVWUnreadCountResult.h */,
				E0938E321A8B1A9800A85CD4 /* HVWUnreadCountResult.m */,
			);
			path = UnreadCount;
			sourceTree = "<group>";
		};
		E09492D91A891A5200D90E6F /* HomeStatus */ = {
			isa = PBXGroup;
			children = (
				E09492DD1A891AAB00D90E6F /* HVWHomeStatusParam.h */,
				E09492DE1A891AAB00D90E6F /* HVWHomeStatusParam.m */,
				E09492DF1A891AAB00D90E6F /* HVWHomeStatusResult.h */,
				E09492E01A891AAB00D90E6F /* HVWHomeStatusResult.m */,
			);
			path = HomeStatus;
			sourceTree = "<group>";
		};
		E09492E31A8923C600D90E6F /* Account */ = {
			isa = PBXGroup;
			children = (
				E09492E41A8923D000D90E6F /* HVWAccountInfo.h */,
				E09492E51A8923D000D90E6F /* HVWAccountInfo.m */,
			);
			path = Account;
			sourceTree = "<group>";
		};
		E09492E71A89258000D90E6F /* ComposeStatus */ = {
			isa = PBXGroup;
			children = (
				E0BE74D71A89F550005C65CD /* HVWComposeStatusParam.h */,
				E0BE74D81A89F550005C65CD /* HVWComposeStatusParam.m */,
				E0BE74DA1A89F561005C65CD /* HVWComposeStatusResult.h */,
				E0BE74DB1A89F561005C65CD /* HVWComposeStatusResult.m */,
			);
			path = ComposeStatus;
			sourceTree = "<group>";
		};
		E09492E81A89258000D90E6F /* User */ = {
			isa = PBXGroup;
			children = (
				E09492EC1A89268B00D90E6F /* HVWUserParam.h */,
				E09492ED1A89268B00D90E6F /* HVWUserParam.m */,
				E09492EF1A89272600D90E6F /* HVWUserResult.h */,
				E09492F01A89272600D90E6F /* HVWUserResult.m */,
			);
			path = User;
			sourceTree = "<group>";
		};
		E0BCCE5C1A8CB4C100810171 /* Cell */ = {
			isa = PBXGroup;
			children = (
				E0BCCE5D1A8CB51C00810171 /* HVWStatusFrame.h */,
				E0BCCE5E1A8CB51C00810171 /* HVWStatusFrame.m */,
				E0BCCE601A8CB52E00810171 /* HVWStatusContentFrame.h */,
				E0BCCE611A8CB52E00810171 /* HVWStatusContentFrame.m */,
				E0BCCE631A8CB53C00810171 /* HVWStatusOriginalFrame.h */,
				E0BCCE641A8CB53C00810171 /* HVWStatusOriginalFrame.m */,
				E0BCCE661A8CB54A00810171 /* HVWStatusRetweetedFrame.h */,
				E0BCCE671A8CB54A00810171 /* HVWStatusRetweetedFrame.m */,
				E0BCCE691A8CB55F00810171 /* HVWStatusToolbarFrame.h */,
				E0BCCE6A1A8CB55F00810171 /* HVWStatusToolbarFrame.m */,
			);
			path = Cell;
			sourceTree = "<group>";
		};
		E0C0E4CD1A83512A00A7B07D /* SDWebImage */ = {
			isa = PBXGroup;
			children = (
				E0C0E4CE1A83512A00A7B07D /* MKAnnotationView+WebCache.h */,
				E0C0E4CF1A83512A00A7B07D /* MKAnnotationView+WebCache.m */,
				E0C0E4D01A83512A00A7B07D /* NSData+ImageContentType.h */,
				E0C0E4D11A83512A00A7B07D /* NSData+ImageContentType.m */,
				E0C0E4D21A83512A00A7B07D /* SDImageCache.h */,
				E0C0E4D31A83512A00A7B07D /* SDImageCache.m */,
				E0C0E4D41A83512A00A7B07D /* SDWebImageCompat.h */,
				E0C0E4D51A83512A00A7B07D /* SDWebImageCompat.m */,
				E0C0E4D61A83512A00A7B07D /* SDWebImageDecoder.h */,
				E0C0E4D71A83512A00A7B07D /* SDWebImageDecoder.m */,
				E0C0E4D81A83512A00A7B07D /* SDWebImageDownloader.h */,
				E0C0E4D91A83512A00A7B07D /* SDWebImageDownloader.m */,
				E0C0E4DA1A83512A00A7B07D /* SDWebImageDownloaderOperation.h */,
				E0C0E4DB1A83512A00A7B07D /* SDWebImageDownloaderOperation.m */,
				E0C0E4DC1A83512A00A7B07D /* SDWebImageManager.h */,
				E0C0E4DD1A83512A00A7B07D /* SDWebImageManager.m */,
				E0C0E4DE1A83512A00A7B07D /* SDWebImageOperation.h */,
				E0C0E4DF1A83512A00A7B07D /* SDWebImagePrefetcher.h */,
				E0C0E4E01A83512A00A7B07D /* SDWebImagePrefetcher.m */,
				E0C0E4E11A83512A00A7B07D /* UIButton+WebCache.h */,
				E0C0E4E21A83512A00A7B07D /* UIButton+WebCache.m */,
				E0C0E4E31A83512A00A7B07D /* UIImage+GIF.h */,
				E0C0E4E41A83512A00A7B07D /* UIImage+GIF.m */,
				E0C0E4E51A83512A00A7B07D /* UIImage+MultiFormat.h */,
				E0C0E4E61A83512A00A7B07D /* UIImage+MultiFormat.m */,
				E0C0E4E71A83512A00A7B07D /* UIImage+WebP.h */,
				E0C0E4E81A83512A00A7B07D /* UIImage+WebP.m */,
				E0C0E4E91A83512A00A7B07D /* UIImageView+HighlightedWebCache.h */,
				E0C0E4EA1A83512A00A7B07D /* UIImageView+HighlightedWebCache.m */,
				E0C0E4EB1A83512A00A7B07D /* UIImageView+WebCache.h */,
				E0C0E4EC1A83512A00A7B07D /* UIImageView+WebCache.m */,
			);
			path = SDWebImage;
			sourceTree = "<group>";
		};
		E0C0E4FC1A83583100A7B07D /* MJExtension */ = {
			isa = PBXGroup;
			children = (
				E0C0E4FD1A83583100A7B07D /* MJConst.h */,
				E0C0E4FE1A83583100A7B07D /* MJConst.m */,
				E0C0E4FF1A83583100A7B07D /* MJExtension.h */,
				E0C0E5001A83583100A7B07D /* MJFoundation.h */,
				E0C0E5011A83583100A7B07D /* MJFoundation.m */,
				E0C0E5021A83583100A7B07D /* MJIvar.h */,
				E0C0E5031A83583100A7B07D /* MJIvar.m */,
				E0C0E5041A83583100A7B07D /* MJType.h */,
				E0C0E5051A83583100A7B07D /* MJType.m */,
				E0C0E5061A83583100A7B07D /* NSObject+MJCoding.h */,
				E0C0E5071A83583100A7B07D /* NSObject+MJCoding.m */,
				E0C0E5081A83583100A7B07D /* NSObject+MJIvar.h */,
				E0C0E5091A83583100A7B07D /* NSObject+MJIvar.m */,
				E0C0E50A1A83583100A7B07D /* NSObject+MJKeyValue.h */,
				E0C0E50B1A83583100A7B07D /* NSObject+MJKeyValue.m */,
			);
			path = MJExtension;
			sourceTree = "<group>";
		};
		E0D4D4351A8C6CF1009EB5A3 /* Cell */ = {
			isa = PBXGroup;
			children = (
				E0D4D4361A8C6D24009EB5A3 /* HVWStatusCell.h */,
				E0D4D4371A8C6D24009EB5A3 /* HVWStatusCell.m */,
				E0D4D4391A8C6D4A009EB5A3 /* HVWStatusContentView.h */,
				E0D4D43A1A8C6D4A009EB5A3 /* HVWStatusContentView.m */,
				E0D4D43C1A8C6D70009EB5A3 /* HVWStatusOriginalView.h */,
				E0D4D43D1A8C6D70009EB5A3 /* HVWStatusOriginalView.m */,
				E0D4D43F1A8C6D90009EB5A3 /* HVWStatusRetweetedView.h */,
				E0D4D4401A8C6D90009EB5A3 /* HVWStatusRetweetedView.m */,
				E0D4D4421A8C6DA2009EB5A3 /* HVWStatusToolbar.h */,
				E0D4D4431A8C6DA2009EB5A3 /* HVWStatusToolbar.m */,
				E088B0281AA1CAE100865EC8 /* HVWStatusPhotosView.h */,
				E088B0291AA1CAE100865EC8 /* HVWStatusPhotosView.m */,
				E088B02B1AA1CB0500865EC8 /* HVWStatusPhotoView.h */,
				E088B02C1AA1CB0500865EC8 /* HVWStatusPhotoView.m */,
			);
			path = Cell;
			sourceTree = "<group>";
		};
/* End PBXGroup section */

/* Begin PBXNativeTarget section */
		E078374E1A7C7375003CD8B5 /* HVWWeibo */ = {
			isa = PBXNativeTarget;
			buildConfigurationList = E07837721A7C7375003CD8B5 /* Build configuration list for PBXNativeTarget "HVWWeibo" */;
			buildPhases = (
				E078374B1A7C7375003CD8B5 /* Sources */,
				E078374C1A7C7375003CD8B5 /* Frameworks */,
				E078374D1A7C7375003CD8B5 /* Resources */,
			);
			buildRules = (
			);
			dependencies = (
			);
			name = HVWWeibo;
			productName = HVWWeibo;
			productReference = E078374F1A7C7375003CD8B5 /* HVWWeibo.app */;
			productType = "com.apple.product-type.application";
		};
		E07837671A7C7375003CD8B5 /* HVWWeiboTests */ = {
			isa = PBXNativeTarget;
			buildConfigurationList = E07837751A7C7375003CD8B5 /* Build configuration list for PBXNativeTarget "HVWWeiboTests" */;
			buildPhases = (
				E07837641A7C7375003CD8B5 /* Sources */,
				E07837651A7C7375003CD8B5 /* Frameworks */,
				E07837661A7C7375003CD8B5 /* Resources */,
			);
			buildRules = (
			);
			dependencies = (
				E078376A1A7C7375003CD8B5 /* PBXTargetDependency */,
			);
			name = HVWWeiboTests;
			productName = HVWWeiboTests;
			productReference = E07837681A7C7375003CD8B5 /* HVWWeiboTests.xctest */;
			productType = "com.apple.product-type.bundle.unit-test";
		};
/* End PBXNativeTarget section */

/* Begin PBXProject section */
		E07837471A7C7375003CD8B5 /* Project object */ = {
			isa = PBXProject;
			attributes = {
				LastUpgradeCheck = 0610;
				ORGANIZATIONNAME = hellovoidworld;
				TargetAttributes = {
					E078374E1A7C7375003CD8B5 = {
						CreatedOnToolsVersion = 6.1.1;
					};
					E07837671A7C7375003CD8B5 = {
						CreatedOnToolsVersion = 6.1.1;
						TestTargetID = E078374E1A7C7375003CD8B5;
					};
				};
			};
			buildConfigurationList = E078374A1A7C7375003CD8B5 /* Build configuration list for PBXProject "HVWWeibo" */;
			compatibilityVersion = "Xcode 3.2";
			developmentRegion = English;
			hasScannedForEncodings = 0;
			knownRegions = (
				en,
				Base,
			);
			mainGroup = E07837461A7C7375003CD8B5;
			productRefGroup = E07837501A7C7375003CD8B5 /* Products */;
			projectDirPath = "";
			projectRoot = "";
			targets = (
				E078374E1A7C7375003CD8B5 /* HVWWeibo */,
				E07837671A7C7375003CD8B5 /* HVWWeiboTests */,
			);
		};
/* End PBXProject section */

/* Begin PBXResourcesBuildPhase section */
		E078374D1A7C7375003CD8B5 /* Resources */ = {
			isa = PBXResourcesBuildPhase;
			buildActionMask = 2147483647;
			files = (
				E07837601A7C7375003CD8B5 /* Images.xcassets in Resources */,
				E05FD2891A8274BF00B5CDE3 /* MBProgressHUD.bundle in Resources */,
			);
			runOnlyForDeploymentPostprocessing = 0;
		};
		E07837661A7C7375003CD8B5 /* Resources */ = {
			isa = PBXResourcesBuildPhase;
			buildActionMask = 2147483647;
			files = (
			);
			runOnlyForDeploymentPostprocessing = 0;
		};
/* End PBXResourcesBuildPhase section */

/* Begin PBXSourcesBuildPhase section */
		E078374B1A7C7375003CD8B5 /* Sources */ = {
			isa = PBXSourcesBuildPhase;
			buildActionMask = 2147483647;
			files = (
				E0BCCE5F1A8CB51C00810171 /* HVWStatusFrame.m in Sources */,
				E09492E11A891AAB00D90E6F /* HVWHomeStatusParam.m in Sources */,
				E0BCCE6B1A8CB55F00810171 /* HVWStatusToolbarFrame.m in Sources */,
				E0D4D4381A8C6D24009EB5A3 /* HVWStatusCell.m in Sources */,
				E0C0E4F11A83512A00A7B07D /* SDWebImageDecoder.m in Sources */,
				E09492E21A891AAB00D90E6F /* HVWHomeStatusResult.m in Sources */,
				E0D4D4411A8C6D90009EB5A3 /* HVWStatusRetweetedView.m in Sources */,
				E09492CF1A88FE6600D90E6F /* HVWStatusTool.m in Sources */,
				E09492F11A89272600D90E6F /* HVWUserResult.m in Sources */,
				E0C0E4F41A83512A00A7B07D /* SDWebImageManager.m in Sources */,
				E09492E61A8923D000D90E6F /* HVWAccountInfo.m in Sources */,
				E0C0E50D1A83583100A7B07D /* MJFoundation.m in Sources */,
				E05FD2A51A827AF900B5CDE3 /* AFURLRequestSerialization.m in Sources */,
				E05FD2A41A827AF900B5CDE3 /* AFURLConnectionOperation.m in Sources */,
				E05FD2801A82722300B5CDE3 /* HVWOAuthViewController.m in Sources */,
				E088B02A1AA1CAE100865EC8 /* HVWStatusPhotosView.m in Sources */,
				E05FD2AB1A82965400B5CDE3 /* HVWControllerTool.m in Sources */,
				E0BCCE681A8CB54A00810171 /* HVWStatusRetweetedFrame.m in Sources */,
				E05FD2881A8274BF00B5CDE3 /* MBProgressHUD+MJ.m in Sources */,
				E0C0E4C31A8340DD00A7B07D /* Foundation+Log.m in Sources */,
				E0C0E4ED1A83512A00A7B07D /* MKAnnotationView+WebCache.m in Sources */,
				E0913B881A808B060066324E /* HVWNewFeatureViewController.m in Sources */,
				E05FD2A71A827AF900B5CDE3 /* AFURLSessionManager.m in Sources */,
				E088B0341AA233BE00865EC8 /* HVWPhotoBrowser.m in Sources */,
				E0938E331A8B1A9800A85CD4 /* HVWUnreadCountResult.m in Sources */,
				E0C0E4F91A83512A00A7B07D /* UIImage+WebP.m in Sources */,
				E0BE74DF1A8A4233005C65CD /* HVWUserTool.m in Sources */,
				E07837AE1A7C82BA003CD8B5 /* AppDelegate.m in Sources */,
				E0C0E4EF1A83512A00A7B07D /* SDImageCache.m in Sources */,
				E07837551A7C7375003CD8B5 /* main.m in Sources */,
				E0C0E50F1A83583100A7B07D /* MJType.m in Sources */,
				E09492CC1A88805600D90E6F /* HVWNetworkTool.m in Sources */,
				E0D4D43E1A8C6D70009EB5A3 /* HVWStatusOriginalView.m in Sources */,
				E0D4D43B1A8C6D4A009EB5A3 /* HVWStatusContentView.m in Sources */,
				E07837C81A7D06F9003CD8B5 /* HVWNavigationViewController.m in Sources */,
				E05FD2A31A827AF900B5CDE3 /* AFSecurityPolicy.m in Sources */,
				E0C0E4F81A83512A00A7B07D /* UIImage+MultiFormat.m in Sources */,
				E0C0E5111A83583100A7B07D /* NSObject+MJIvar.m in Sources */,
				E0938E361A8B2DFB00A85CD4 /* HVWUnreadCountTool.m in Sources */,
				E0C0E4FA1A83512A00A7B07D /* UIImageView+HighlightedWebCache.m in Sources */,
				E05FD29F1A827AF900B5CDE3 /* AFHTTPRequestOperation.m in Sources */,
				E07837B71A7C87CD003CD8B5 /* HVWMessageViewController.m in Sources */,
				E05FD28A1A8274BF00B5CDE3 /* MBProgressHUD.m in Sources */,
				E0C0E4F71A83512A00A7B07D /* UIImage+GIF.m in Sources */,
				E088B03A1AA4B07900865EC8 /* HVWPhotoCover.m in Sources */,
				E0BE74DC1A89F561005C65CD /* HVWComposeStatusResult.m in Sources */,
				E0C0E4F01A83512A00A7B07D /* SDWebImageCompat.m in Sources */,
				E0938E301A8B1A8000A85CD4 /* HVWUnreadCountParam.m in Sources */,
				E027C2291A7FFD40001960BB /* HVWTabBar.m in Sources */,
				E0C5ADC71A7E8900002D7379 /* HVWSearchBar.m in Sources */,
				E0C0E5101A83583100A7B07D /* NSObject+MJCoding.m in Sources */,
				E07837B11A7C85F4003CD8B5 /* HVWTabBarViewController.m in Sources */,
				E090E66A1A85412500547AC0 /* HVWComposeToolBar.m in Sources */,
				E07D37C41A7F0B8F00CF81E8 /* UIView+Extension.m in Sources */,
				E0C0E4F31A83512A00A7B07D /* SDWebImageDownloaderOperation.m in Sources */,
				E05FD2A11A827AF900B5CDE3 /* AFHTTPSessionManager.m in Sources */,
				E09492EB1A89260C00D90E6F /* HVWBaseParam.m in Sources */,
				E09492F41A892BEF00D90E6F /* HVWBaseTool.m in Sources */,
				E0BCCE621A8CB52E00810171 /* HVWStatusContentFrame.m in Sources */,
				E0C0E4CC1A83437400A7B07D /* HVWPic.m in Sources */,
				E090E66D1A854D8300547AC0 /* HVWComposeImageDisplayView.m in Sources */,
				E07D37C71A7F143400CF81E8 /* HVWNavigationBarTitleButton.m in Sources */,
				E0BCCE651A8CB53C00810171 /* HVWStatusOriginalFrame.m in Sources */,
				E0C0E4C91A83436C00A7B07D /* HVWStatus.m in Sources */,
				E088B03D1AA4CE6F00865EC8 /* HVWPhotoPageLabel.m in Sources */,
				E09492F71A892FCE00D90E6F /* HVWFileDataParam.m in Sources */,
				E07837CF1A7D2599003CD8B5 /* UIBarButtonItem+Extension.m in Sources */,
				E07837BD1A7C87EB003CD8B5 /* HVWDiscoverViewController.m in Sources */,
				E0D4D4441A8C6DA2009EB5A3 /* HVWStatusToolbar.m in Sources */,
				E0C0E50E1A83583100A7B07D /* MJIvar.m in Sources */,
				E05FD2A01A827AF900B5CDE3 /* AFHTTPRequestOperationManager.m in Sources */,
				E07837BA1A7C87DC003CD8B5 /* HVWProfileViewController.m in Sources */,
				E0AC76BE1A91BFDB006CD6AF /* NSDate+Extension.m in Sources */,
				E07837B41A7C87AA003CD8B5 /* HVWHomeViewController.m in Sources */,
				E088B02D1AA1CB0500865EC8 /* HVWStatusPhotoView.m in Sources */,
				E0C0E50C1A83583100A7B07D /* MJConst.m in Sources */,
				E0C0E4FB1A83512A00A7B07D /* UIImageView+WebCache.m in Sources */,
				E027C2221A7FC5A5001960BB /* HVWPopMenu.m in Sources */,
				E0C0E4F51A83512A00A7B07D /* SDWebImagePrefetcher.m in Sources */,
				E0C0E4C61A83435E00A7B07D /* HVWUser.m in Sources */,
				E0C0E4EE1A83512A00A7B07D /* NSData+ImageContentType.m in Sources */,
				E05FD2B41A829D2E00B5CDE3 /* HVWAccountInfoTool.m in Sources */,
				E090E6641A84BC2100547AC0 /* HVWLoadMoreWeiboFooterView.m in Sources */,
				E07837C41A7C8E42003CD8B5 /* UIImage+Extension.m in Sources */,
				E05FD2A21A827AF900B5CDE3 /* AFNetworkReachabilityManager.m in Sources */,
				E05FD2A61A827AF900B5CDE3 /* AFURLResponseSerialization.m in Sources */,
				E0C0E5121A83583100A7B07D /* NSObject+MJKeyValue.m in Sources */,
				E0BE74D91A89F550005C65CD /* HVWComposeStatusParam.m in Sources */,
				E0C0E4F61A83512A00A7B07D /* UIButton+WebCache.m in Sources */,
				E0C0E4F21A83512A00A7B07D /* SDWebImageDownloader.m in Sources */,
				E090E6671A85008C00547AC0 /* HVWComposeTextView.m in Sources */,
				E09492EE1A89268B00D90E6F /* HVWUserParam.m in Sources */,
				E027C2301A7FFDA0001960BB /* HVWComposeViewController.m in Sources */,
			);
			runOnlyForDeploymentPostprocessing = 0;
		};
		E07837641A7C7375003CD8B5 /* Sources */ = {
			isa = PBXSourcesBuildPhase;
			buildActionMask = 2147483647;
			files = (
				E078376F1A7C7375003CD8B5 /* HVWWeiboTests.m in Sources */,
			);
			runOnlyForDeploymentPostprocessing = 0;
		};
/* End PBXSourcesBuildPhase section */

/* Begin PBXTargetDependency section */
		E078376A1A7C7375003CD8B5 /* PBXTargetDependency */ = {
			isa = PBXTargetDependency;
			target = E078374E1A7C7375003CD8B5 /* HVWWeibo */;
			targetProxy = E07837691A7C7375003CD8B5 /* PBXContainerItemProxy */;
		};
/* End PBXTargetDependency section */

/* Begin XCBuildConfiguration section */
		E07837701A7C7375003CD8B5 /* Debug */ = {
			isa = XCBuildConfiguration;
			buildSettings = {
				ALWAYS_SEARCH_USER_PATHS = NO;
				CLANG_CXX_LANGUAGE_STANDARD = "gnu++0x";
				CLANG_CXX_LIBRARY = "libc++";
				CLANG_ENABLE_MODULES = YES;
				CLANG_ENABLE_OBJC_ARC = YES;
				CLANG_WARN_BOOL_CONVERSION = YES;
				CLANG_WARN_CONSTANT_CONVERSION = YES;
				CLANG_WARN_DIRECT_OBJC_ISA_USAGE = YES_ERROR;
				CLANG_WARN_EMPTY_BODY = YES;
				CLANG_WARN_ENUM_CONVERSION = YES;
				CLANG_WARN_INT_CONVERSION = YES;
				CLANG_WARN_OBJC_ROOT_CLASS = YES_ERROR;
				CLANG_WARN_UNREACHABLE_CODE = YES;
				CLANG_WARN__DUPLICATE_METHOD_MATCH = YES;
				"CODE_SIGN_IDENTITY[sdk=iphoneos*]" = "iPhone Developer";
				COPY_PHASE_STRIP = NO;
				ENABLE_STRICT_OBJC_MSGSEND = YES;
				GCC_C_LANGUAGE_STANDARD = gnu99;
				GCC_DYNAMIC_NO_PIC = NO;
				GCC_OPTIMIZATION_LEVEL = 0;
				GCC_PREPROCESSOR_DEFINITIONS = (
					"DEBUG=1",
					"$(inherited)",
				);
				GCC_SYMBOLS_PRIVATE_EXTERN = NO;
				GCC_WARN_64_TO_32_BIT_CONVERSION = YES;
				GCC_WARN_ABOUT_RETURN_TYPE = YES_ERROR;
				GCC_WARN_UNDECLARED_SELECTOR = YES;
				GCC_WARN_UNINITIALIZED_AUTOS = YES_AGGRESSIVE;
				GCC_WARN_UNUSED_FUNCTION = YES;
				GCC_WARN_UNUSED_VARIABLE = YES;
				IPHONEOS_DEPLOYMENT_TARGET = 8.1;
				MTL_ENABLE_DEBUG_INFO = YES;
				ONLY_ACTIVE_ARCH = YES;
				SDKROOT = iphoneos;
			};
			name = Debug;
		};
		E07837711A7C7375003CD8B5 /* Release */ = {
			isa = XCBuildConfiguration;
			buildSettings = {
				ALWAYS_SEARCH_USER_PATHS = NO;
				CLANG_CXX_LANGUAGE_STANDARD = "gnu++0x";
				CLANG_CXX_LIBRARY = "libc++";
				CLANG_ENABLE_MODULES = YES;
				CLANG_ENABLE_OBJC_ARC = YES;
				CLANG_WARN_BOOL_CONVERSION = YES;
				CLANG_WARN_CONSTANT_CONVERSION = YES;
				CLANG_WARN_DIRECT_OBJC_ISA_USAGE = YES_ERROR;
				CLANG_WARN_EMPTY_BODY = YES;
				CLANG_WARN_ENUM_CONVERSION = YES;
				CLANG_WARN_INT_CONVERSION = YES;
				CLANG_WARN_OBJC_ROOT_CLASS = YES_ERROR;
				CLANG_WARN_UNREACHABLE_CODE = YES;
				CLANG_WARN__DUPLICATE_METHOD_MATCH = YES;
				"CODE_SIGN_IDENTITY[sdk=iphoneos*]" = "iPhone Developer";
				COPY_PHASE_STRIP = YES;
				ENABLE_NS_ASSERTIONS = NO;
				ENABLE_STRICT_OBJC_MSGSEND = YES;
				GCC_C_LANGUAGE_STANDARD = gnu99;
				GCC_WARN_64_TO_32_BIT_CONVERSION = YES;
				GCC_WARN_ABOUT_RETURN_TYPE = YES_ERROR;
				GCC_WARN_UNDECLARED_SELECTOR = YES;
				GCC_WARN_UNINITIALIZED_AUTOS = YES_AGGRESSIVE;
				GCC_WARN_UNUSED_FUNCTION = YES;
				GCC_WARN_UNUSED_VARIABLE = YES;
				IPHONEOS_DEPLOYMENT_TARGET = 8.1;
				MTL_ENABLE_DEBUG_INFO = NO;
				SDKROOT = iphoneos;
				VALIDATE_PRODUCT = YES;
			};
			name = Release;
		};
		E07837731A7C7375003CD8B5 /* Debug */ = {
			isa = XCBuildConfiguration;
			buildSettings = {
				ASSETCATALOG_COMPILER_APPICON_NAME = AppIcon;
				ASSETCATALOG_COMPILER_LAUNCHIMAGE_NAME = LaunchImage;
				GCC_PRECOMPILE_PREFIX_HEADER = YES;
				GCC_PREFIX_HEADER = "$(SRCROOT)/HVWWeibo/HVWWeibo-Prefix.pch";
				INFOPLIST_FILE = HVWWeibo/Info.plist;
				IPHONEOS_DEPLOYMENT_TARGET = 7.0;
				LD_RUNPATH_SEARCH_PATHS = "$(inherited) @executable_path/Frameworks";
				PRODUCT_NAME = "$(TARGET_NAME)";
			};
			name = Debug;
		};
		E07837741A7C7375003CD8B5 /* Release */ = {
			isa = XCBuildConfiguration;
			buildSettings = {
				ASSETCATALOG_COMPILER_APPICON_NAME = AppIcon;
				ASSETCATALOG_COMPILER_LAUNCHIMAGE_NAME = LaunchImage;
				GCC_PRECOMPILE_PREFIX_HEADER = YES;
				GCC_PREFIX_HEADER = "$(SRCROOT)/HVWWeibo/HVWWeibo-Prefix.pch";
				INFOPLIST_FILE = HVWWeibo/Info.plist;
				IPHONEOS_DEPLOYMENT_TARGET = 7.0;
				LD_RUNPATH_SEARCH_PATHS = "$(inherited) @executable_path/Frameworks";
				PRODUCT_NAME = "$(TARGET_NAME)";
			};
			name = Release;
		};
		E07837761A7C7375003CD8B5 /* Debug */ = {
			isa = XCBuildConfiguration;
			buildSettings = {
				BUNDLE_LOADER = "$(TEST_HOST)";
				FRAMEWORK_SEARCH_PATHS = (
					"$(SDKROOT)/Developer/Library/Frameworks",
					"$(inherited)",
				);
				GCC_PREPROCESSOR_DEFINITIONS = (
					"DEBUG=1",
					"$(inherited)",
				);
				INFOPLIST_FILE = HVWWeiboTests/Info.plist;
				LD_RUNPATH_SEARCH_PATHS = "$(inherited) @executable_path/Frameworks @loader_path/Frameworks";
				PRODUCT_NAME = "$(TARGET_NAME)";
				TEST_HOST = "$(BUILT_PRODUCTS_DIR)/HVWWeibo.app/HVWWeibo";
			};
			name = Debug;
		};
		E07837771A7C7375003CD8B5 /* Release */ = {
			isa = XCBuildConfiguration;
			buildSettings = {
				BUNDLE_LOADER = "$(TEST_HOST)";
				FRAMEWORK_SEARCH_PATHS = (
					"$(SDKROOT)/Developer/Library/Frameworks",
					"$(inherited)",
				);
				INFOPLIST_FILE = HVWWeiboTests/Info.plist;
				LD_RUNPATH_SEARCH_PATHS = "$(inherited) @executable_path/Frameworks @loader_path/Frameworks";
				PRODUCT_NAME = "$(TARGET_NAME)";
				TEST_HOST = "$(BUILT_PRODUCTS_DIR)/HVWWeibo.app/HVWWeibo";
			};
			name = Release;
		};
/* End XCBuildConfiguration section */

/* Begin XCConfigurationList section */
		E078374A1A7C7375003CD8B5 /* Build configuration list for PBXProject "HVWWeibo" */ = {
			isa = XCConfigurationList;
			buildConfigurations = (
				E07837701A7C7375003CD8B5 /* Debug */,
				E07837711A7C7375003CD8B5 /* Release */,
			);
			defaultConfigurationIsVisible = 0;
			defaultConfigurationName = Release;
		};
		E07837721A7C7375003CD8B5 /* Build configuration list for PBXNativeTarget "HVWWeibo" */ = {
			isa = XCConfigurationList;
			buildConfigurations = (
				E07837731A7C7375003CD8B5 /* Debug */,
				E07837741A7C7375003CD8B5 /* Release */,
			);
			defaultConfigurationIsVisible = 0;
			defaultConfigurationName = Release;
		};
		E07837751A7C7375003CD8B5 /* Build configuration list for PBXNativeTarget "HVWWeiboTests" */ = {
			isa = XCConfigurationList;
			buildConfigurations = (
				E07837761A7C7375003CD8B5 /* Debug */,
				E07837771A7C7375003CD8B5 /* Release */,
			);
			defaultConfigurationIsVisible = 0;
			defaultConfigurationName = Release;
		};
/* End XCConfigurationList section */
	};
	rootObject = E07837471A7C7375003CD8B5 /* Project object */;
}
